// !$*UTF8*$!
{
	archiveVersion = 1;
	classes = {
	};
	objectVersion = 48;
	objects = {

/* Begin PBXBuildFile section */
		ECE92F6821F20C2F008A91D2 /* AppDelegate.swift in Sources */ = {isa = PBXBuildFile; fileRef = ECE92F6721F20C2F008A91D2 /* AppDelegate.swift */; };
		ECE92F6A21F20C2F008A91D2 /* ViewController.swift in Sources */ = {isa = PBXBuildFile; fileRef = ECE92F6921F20C2F008A91D2 /* ViewController.swift */; };
		ECE92F6D21F20C2F008A91D2 /* Main.storyboard in Resources */ = {isa = PBXBuildFile; fileRef = ECE92F6B21F20C2F008A91D2 /* Main.storyboard */; };
		ECE92F7021F20C2F008A91D2 /* Collection_view_inside_Tableview.xcdatamodeld in Sources */ = {isa = PBXBuildFile; fileRef = ECE92F6E21F20C2F008A91D2 /* Collection_view_inside_Tableview.xcdatamodeld */; };
		ECE92F7221F20C2F008A91D2 /* Assets.xcassets in Resources */ = {isa = PBXBuildFile; fileRef = ECE92F7121F20C2F008A91D2 /* Assets.xcassets */; };
		ECE92F7521F20C2F008A91D2 /* LaunchScreen.storyboard in Resources */ = {isa = PBXBuildFile; fileRef = ECE92F7321F20C2F008A91D2 /* LaunchScreen.storyboard */; };
		ECE92F7D21F20CB9008A91D2 /* TableCell.swift in Sources */ = {isa = PBXBuildFile; fileRef = ECE92F7C21F20CB9008A91D2 /* TableCell.swift */; };
		ECE92F7F21F20CF0008A91D2 /* CollectionCell.swift in Sources */ = {isa = PBXBuildFile; fileRef = ECE92F7E21F20CF0008A91D2 /* CollectionCell.swift */; };
/* End PBXBuildFile section */

/* Begin PBXFileReference section */
		ECE92F6421F20C2F008A91D2 /* Collection view inside Tableview.app */ = {isa = PBXFileReference; explicitFileType = wrapper.application; includeInIndex = 0; path = "Collection view inside Tableview.app"; sourceTree = BUILT_PRODUCTS_DIR; };
		ECE92F6721F20C2F008A91D2 /* AppDelegate.swift */ = {isa = PBXFileReference; lastKnownFileType = sourcecode.swift; path = AppDelegate.swift; sourceTree = "<group>"; };
		ECE92F6921F20C2F008A91D2 /* ViewController.swift */ = {isa = PBXFileReference; lastKnownFileType = sourcecode.swift; path = ViewController.swift; sourceTree = "<group>"; };
		ECE92F6C21F20C2F008A91D2 /* Base */ = {isa = PBXFileReference; lastKnownFileType = file.storyboard; name = Base; path = Base.lproj/Main.storyboard; sourceTree = "<group>"; };
		ECE92F6F21F20C2F008A91D2 /* Collection_view_inside_Tableview.xcdatamodel */ = {isa = PBXFileReference; lastKnownFileType = wrapper.xcdatamodel; path = Collection_view_inside_Tableview.xcdatamodel; sourceTree = "<group>"; };
		ECE92F7121F20C2F008A91D2 /* Assets.xcassets */ = {isa = PBXFileReference; lastKnownFileType = folder.assetcatalog; path = Assets.xcassets; sourceTree = "<group>"; };
		ECE92F7421F20C2F008A91D2 /* Base */ = {isa = PBXFileReference; lastKnownFileType = file.storyboard; name = Base; path = Base.lproj/LaunchScreen.storyboard; sourceTree = "<group>"; };
		ECE92F7621F20C2F008A91D2 /* Info.plist */ = {isa = PBXFileReference; lastKnownFileType = text.plist.xml; path = Info.plist; sourceTree = "<group>"; };
		ECE92F7C21F20CB9008A91D2 /* TableCell.swift */ = {isa = PBXFileReference; lastKnownFileType = sourcecode.swift; path = TableCell.swift; sourceTree = "<group>"; };
		ECE92F7E21F20CF0008A91D2 /* CollectionCell.swift */ = {isa = PBXFileReference; lastKnownFileType = sourcecode.swift; path = CollectionCell.swift; sourceTree = "<group>"; };
/* End PBXFileReference section */

/* Begin PBXFrameworksBuildPhase section */
		ECE92F6121F20C2F008A91D2 /* Frameworks */ = {
			isa = PBXFrameworksBuildPhase;
			buildActionMask = 2147483647;
			files = (
			);
			runOnlyForDeploymentPostprocessing = 0;
		};
/* End PBXFrameworksBuildPhase section */

/* Begin PBXGroup section */
		ECE92F5B21F20C2F008A91D2 = {
			isa = PBXGroup;
			children = (
				ECE92F6621F20C2F008A91D2 /* Collection view inside Tableview */,
				ECE92F6521F20C2F008A91D2 /* Products */,
			);
			sourceTree = "<group>";
		};
		ECE92F6521F20C2F008A91D2 /* Products */ = {
			isa = PBXGroup;
			children = (
				ECE92F6421F20C2F008A91D2 /* Collection view inside Tableview.app */,
			);
			name = Products;
			sourceTree = "<group>";
		};
		ECE92F6621F20C2F008A91D2 /* Collection view inside Tableview */ = {
			isa = PBXGroup;
			children = (
				ECE92F6721F20C2F008A91D2 /* AppDelegate.swift */,
				ECE92F6921F20C2F008A91D2 /* ViewController.swift */,
				ECE92F6B21F20C2F008A91D2 /* Main.storyboard */,
				ECE92F7C21F20CB9008A91D2 /* TableCell.swift */,
				ECE92F7E21F20CF0008A91D2 /* CollectionCell.swift */,
				ECE92F7121F20C2F008A91D2 /* Assets.xcassets */,
				ECE92F7321F20C2F008A91D2 /* LaunchScreen.storyboard */,
				ECE92F7621F20C2F008A91D2 /* Info.plist */,
				ECE92F6E21F20C2F008A91D2 /* Collection_view_inside_Tableview.xcdatamodeld */,
			);
			path = "Collection view inside Tableview";
			sourceTree = "<group>";
		};
/* End PBXGroup section */

/* Begin PBXNativeTarget section */
		ECE92F6321F20C2F008A91D2 /* Collection view inside Tableview */ = {
			isa = PBXNativeTarget;
			buildConfigurationList = ECE92F7921F20C2F008A91D2 /* Build configuration list for PBXNativeTarget "Collection view inside Tableview" */;
			buildPhases = (
				ECE92F6021F20C2F008A91D2 /* Sources */,
				ECE92F6121F20C2F008A91D2 /* Frameworks */,
				ECE92F6221F20C2F008A91D2 /* Resources */,
			);
			buildRules = (
			);
			dependencies = (
			);
			name = "Collection view inside Tableview";
			productName = "Collection view inside Tableview";
			productReference = ECE92F6421F20C2F008A91D2 /* Collection view inside Tableview.app */;
			productType = "com.apple.product-type.application";
		};
/* End PBXNativeTarget section */

/* Begin PBXProject section */
		ECE92F5C21F20C2F008A91D2 /* Project object */ = {
			isa = PBXProject;
			attributes = {
				LastSwiftUpdateCheck = 0920;
				LastUpgradeCheck = 0920;
				ORGANIZATIONNAME = trainee;
				TargetAttributes = {
					ECE92F6321F20C2F008A91D2 = {
						CreatedOnToolsVersion = 9.2;
						ProvisioningStyle = Automatic;
					};
				};
			};
			buildConfigurationList = ECE92F5F21F20C2F008A91D2 /* Build configuration list for PBXProject "Collection view inside Tableview" */;
			compatibilityVersion = "Xcode 8.0";
			developmentRegion = en;
			hasScannedForEncodings = 0;
			knownRegions = (
				en,
				Base,
			);
			mainGroup = ECE92F5B21F20C2F008A91D2;
			productRefGroup = ECE92F6521F20C2F008A91D2 /* Products */;
			projectDirPath = "";
			projectRoot = "";
			targets = (
				ECE92F6321F20C2F008A91D2 /* Collection view inside Tableview */,
			);
		};
/* End PBXProject section */

/* Begin PBXResourcesBuildPhase section */
		ECE92F6221F20C2F008A91D2 /* Resources */ = {
			isa = PBXResourcesBuildPhase;
			buildActionMask = 2147483647;
			files = (
				ECE92F7521F20C2F008A91D2 /* LaunchScreen.storyboard in Resources */,
				ECE92F7221F20C2F008A91D2 /* Assets.xcassets in Resources */,
				ECE92F6D21F20C2F008A91D2 /* Main.storyboard in Resources */,
			);
			runOnlyForDeploymentPostprocessing = 0;
		};
/* End PBXResourcesBuildPhase section */

/* Begin PBXSourcesBuildPhase section */
		ECE92F6021F20C2F008A91D2 /* Sources */ = {
			isa = PBXSourcesBuildPhase;
			buildActionMask = 2147483647;
			files = (
				ECE92F6A21F20C2F008A91D2 /* ViewController.swift in Sources */,
				ECE92F7021F20C2F008A91D2 /* Collection_view_inside_Tableview.xcdatamodeld in Sources */,
				ECE92F7D21F20CB9008A91D2 /* TableCell.swift in Sources */,
				ECE92F6821F20C2F008A91D2 /* AppDelegate.swift in Sources */,
				ECE92F7F21F20CF0008A91D2 /* CollectionCell.swift in Sources */,
			);
			runOnlyForDeploymentPostprocessing = 0;
		};
/* End PBXSourcesBuildPhase section */

/* Begin PBXVariantGroup section */
		ECE92F6B21F20C2F008A91D2 /* Main.storyboard */ = {
			isa = PBXVariantGroup;
			children = (
				ECE92F6C21F20C2F008A91D2 /* Base */,
			);
			name = Main.storyboard;
			sourceTree = "<group>";
		};
		ECE92F7321F20C2F008A91D2 /* LaunchScreen.storyboard */ = {
			isa = PBXVariantGroup;
			children = (
				ECE92F7421F20C2F008A91D2 /* Base */,
			);
			name = LaunchScreen.storyboard;
			sourceTree = "<group>";
		};
/* End PBXVariantGroup section */

/* Begin XCBuildConfiguration section */
		ECE92F7721F20C2F008A91D2 /* Debug */ = {
			isa = XCBuildConfiguration;
			buildSettings = {
				ALWAYS_SEARCH_USER_PATHS = NO;
				CLANG_ANALYZER_NONNULL = YES;
				CLANG_ANALYZER_NUMBER_OBJECT_CONVERSION = YES_AGGRESSIVE;
				CLANG_CXX_LANGUAGE_STANDARD = "gnu++14";
				CLANG_CXX_LIBRARY = "libc++";
				CLANG_ENABLE_MODULES = YES;
				CLANG_ENABLE_OBJC_ARC = YES;
				CLANG_WARN_BLOCK_CAPTURE_AUTORELEASING = YES;
				CLANG_WARN_BOOL_CONVERSION = YES;
				CLANG_WARN_COMMA = YES;
				CLANG_WARN_CONSTANT_CONVERSION = YES;
				CLANG_WARN_DIRECT_OBJC_ISA_USAGE = YES_ERROR;
				CLANG_WARN_DOCUMENTATION_COMMENTS = YES;
				CLANG_WARN_EMPTY_BODY = YES;
				CLANG_WARN_ENUM_CONVERSION = YES;
				CLANG_WARN_INFINITE_RECURSION = YES;
				CLANG_WARN_INT_CONVERSION = YES;
				CLANG_WARN_NON_LITERAL_NULL_CONVERSION = YES;
				CLANG_WARN_OBJC_LITERAL_CONVERSION = YES;
				CLANG_WARN_OBJC_ROOT_CLASS = YES_ERROR;
				CLANG_WARN_RANGE_LOOP_ANALYSIS = YES;
				CLANG_WARN_STRICT_PROTOTYPES = YES;
				CLANG_WARN_SUSPICIOUS_MOVE = YES;
				CLANG_WARN_UNGUARDED_AVAILABILITY = YES_AGGRESSIVE;
				CLANG_WARN_UNREACHABLE_CODE = YES;
				CLANG_WARN__DUPLICATE_METHOD_MATCH = YES;
				CODE_SIGN_IDENTITY = "iPhone Developer";
				COPY_PHASE_STRIP = NO;
				DEBUG_INFORMATION_FORMAT = dwarf;
				ENABLE_STRICT_OBJC_MSGSEND = YES;
				ENABLE_TESTABILITY = YES;
				GCC_C_LANGUAGE_STANDARD = gnu11;
				GCC_DYNAMIC_NO_PIC = NO;
				GCC_NO_COMMON_BLOCKS = YES;
				GCC_OPTIMIZATION_LEVEL = 0;
				GCC_PREPROCESSOR_DEFINITIONS = (
					"DEBUG=1",
					"$(inherited)",
				);
				GCC_WARN_64_TO_32_BIT_CONVERSION = YES;
				GCC_WARN_ABOUT_RETURN_TYPE = YES_ERROR;
				GCC_WARN_UNDECLARED_SELECTOR = YES;
				GCC_WARN_UNINITIALIZED_AUTOS = YES_AGGRESSIVE;
				GCC_WARN_UNUSED_FUNCTION = YES;
				GCC_WARN_UNUSED_VARIABLE = YES;
				IPHONEOS_DEPLOYMENT_TARGET = 11.2;
				MTL_ENABLE_DEBUG_INFO = YES;
				ONLY_ACTIVE_ARCH = YES;
				SDKROOT = iphoneos;
				SWIFT_ACTIVE_COMPILATION_CONDITIONS = DEBUG;
				SWIFT_OPTIMIZATION_LEVEL = "-Onone";
			};
			name = Debug;
		};
		ECE92F7821F20C2F008A91D2 /* Release */ = {
			isa = XCBuildConfiguration;
			buildSettings = {
				ALWAYS_SEARCH_USER_PATHS = NO;
				CLANG_ANALYZER_NONNULL = YES;
				CLANG_ANALYZER_NUMBER_OBJECT_CONVERSION = YES_AGGRESSIVE;
				CLANG_CXX_LANGUAGE_STANDARD = "gnu++14";
				CLANG_CXX_LIBRARY = "libc++";
				CLANG_ENABLE_MODULES = YES;
				CLANG_ENABLE_OBJC_ARC = YES;
				CLANG_WARN_BLOCK_CAPTURE_AUTORELEASING = YES;
				CLANG_WARN_BOOL_CONVERSION = YES;
				CLANG_WARN_COMMA = YES;
				CLANG_WARN_CONSTANT_CONVERSION = YES;
				CLANG_WARN_DIRECT_OBJC_ISA_USAGE = YES_ERROR;
				CLANG_WARN_DOCUMENTATION_COMMENTS = YES;
				CLANG_WARN_EMPTY_BODY = YES;
				CLANG_WARN_ENUM_CONVERSION = YES;
				CLANG_WARN_INFINITE_RECURSION = YES;
				CLANG_WARN_INT_CONVERSION = YES;
				CLANG_WARN_NON_LITERAL_NULL_CONVERSION = YES;
				CLANG_WARN_OBJC_LITERAL_CONVERSION = YES;
				CLANG_WARN_OBJC_ROOT_CLASS = YES_ERROR;
				CLANG_WARN_RANGE_LOOP_ANALYSIS = YES;
				CLANG_WARN_STRICT_PROTOTYPES = YES;
				CLANG_WARN_SUSPICIOUS_MOVE = YES;
				CLANG_WARN_UNGUARDED_AVAILABILITY = YES_AGGRESSIVE;
				CLANG_WARN_UNREACHABLE_CODE = YES;
				CLANG_WARN__DUPLICATE_METHOD_MATCH = YES;
				CODE_SIGN_IDENTITY = "iPhone Developer";
				COPY_PHASE_STRIP = NO;
				DEBUG_INFORMATION_FORMAT = "dwarf-with-dsym";
				ENABLE_NS_ASSERTIONS = NO;
				ENABLE_STRICT_OBJC_MSGSEND = YES;
				GCC_C_LANGUAGE_STANDARD = gnu11;
				GCC_NO_COMMON_BLOCKS = YES;
				GCC_WARN_64_TO_32_BIT_CONVERSION = YES;
				GCC_WARN_ABOUT_RETURN_TYPE = YES_ERROR;
				GCC_WARN_UNDECLARED_SELECTOR = YES;
				GCC_WARN_UNINITIALIZED_AUTOS = YES_AGGRESSIVE;
				GCC_WARN_UNUSED_FUNCTION = YES;
				GCC_WARN_UNUSED_VARIABLE = YES;
				IPHONEOS_DEPLOYMENT_TARGET = 11.2;
				MTL_ENABLE_DEBUG_INFO = NO;
				SDKROOT = iphoneos;
				SWIFT_OPTIMIZATION_LEVEL = "-Owholemodule";
				VALIDATE_PRODUCT = YES;
			};
			name = Release;
		};
		ECE92F7A21F20C2F008A91D2 /* Debug */ = {
			isa = XCBuildConfiguration;
			buildSettings = {
				ASSETCATALOG_COMPILER_APPICON_NAME = AppIcon;
				CODE_SIGN_STYLE = Automatic;
				INFOPLIST_FILE = "Collection view inside Tableview/Info.plist";
				LD_RUNPATH_SEARCH_PATHS = "$(inherited) @executable_path/Frameworks";
				PRODUCT_BUNDLE_IDENTIFIER = "toxsl.Collection-view-inside-Tableview";
				PRODUCT_NAME = "$(TARGET_NAME)";
				SWIFT_VERSION = 4.0;
				TARGETED_DEVICE_FAMILY = "1,2";
			};
			name = Debug;
		};
		ECE92F7B21F20C2F008A91D2 /* Release */ = {
			isa = XCBuildConfiguration;
			buildSettings = {
				ASSETCATALOG_COMPILER_APPICON_NAME = AppIcon;
				CODE_SIGN_STYLE = Automatic;
				INFOPLIST_FILE = "Collection view inside Tableview/Info.plist";
				LD_RUNPATH_SEARCH_PATHS = "$(inherited) @executable_path/Frameworks";
				PRODUCT_BUNDLE_IDENTIFIER = "toxsl.Collection-view-inside-Tableview";
				PRODUCT_NAME = "$(TARGET_NAME)";
				SWIFT_VERSION = 4.0;
				TARGETED_DEVICE_FAMILY = "1,2";
			};
			name = Release;
		};
/* End XCBuildConfiguration section */

/* Begin XCConfigurationList section */
		ECE92F5F21F20C2F008A91D2 /* Build configuration list for PBXProject "Collection view inside Tableview" */ = {
			isa = XCConfigurationList;
			buildConfigurations = (
				ECE92F7721F20C2F008A91D2 /* Debug */,
				ECE92F7821F20C2F008A91D2 /* Release */,
			);
			defaultConfigurationIsVisible = 0;
			defaultConfigurationName = Release;
		};
		ECE92F7921F20C2F008A91D2 /* Build configuration list for PBXNativeTarget "Collection view inside Tableview" */ = {
			isa = XCConfigurationList;
			buildConfigurations = (
				ECE92F7A21F20C2F008A91D2 /* Debug */,
				ECE92F7B21F20C2F008A91D2 /* Release */,
			);
			defaultConfigurationIsVisible = 0;
			defaultConfigurationName = Release;
		};
/* End XCConfigurationList section */

/* Begin XCVersionGroup section */
		ECE92F6E21F20C2F008A91D2 /* Collection_view_inside_Tableview.xcdatamodeld */ = {
			isa = XCVersionGroup;
			children = (
				ECE92F6F21F20C2F008A91D2 /* Collection_view_inside_Tableview.xcdatamodel */,
			);
			currentVersion = ECE92F6F21F20C2F008A91D2 /* Collection_view_inside_Tableview.xcdatamodel */;
			path = Collection_view_inside_Tableview.xcdatamodeld;
			sourceTree = "<group>";
			versionGroupType = wrapper.xcdatamodel;
		};
/* End XCVersionGroup section */
	};
	rootObject = ECE92F5C21F20C2F008A91D2 /* Project object */;
}
