// !$*UTF8*$!
{
	archiveVersion = 1;
	classes = {
	};
	objectVersion = 48;
	objects = {

/* Begin PBXBuildFile section */
		ECD4B7DB2204672300A777D9 /* AppDelegate.swift in Sources */ = {isa = PBXBuildFile; fileRef = ECD4B7DA2204672300A777D9 /* AppDelegate.swift */; };
		ECD4B7DD2204672300A777D9 /* ViewController.swift in Sources */ = {isa = PBXBuildFile; fileRef = ECD4B7DC2204672300A777D9 /* ViewController.swift */; };
		ECD4B7E02204672300A777D9 /* Main.storyboard in Resources */ = {isa = PBXBuildFile; fileRef = ECD4B7DE2204672300A777D9 /* Main.storyboard */; };
		ECD4B7E22204672300A777D9 /* Assets.xcassets in Resources */ = {isa = PBXBuildFile; fileRef = ECD4B7E12204672300A777D9 /* Assets.xcassets */; };
		ECD4B7E52204672300A777D9 /* LaunchScreen.storyboard in Resources */ = {isa = PBXBuildFile; fileRef = ECD4B7E32204672300A777D9 /* LaunchScreen.storyboard */; };
		ECD4B7ED2204684E00A777D9 /* ListTVC.swift in Sources */ = {isa = PBXBuildFile; fileRef = ECD4B7EC2204684E00A777D9 /* ListTVC.swift */; };
/* End PBXBuildFile section */

/* Begin PBXFileReference section */
		ECD4B7D72204672300A777D9 /* Header Table.app */ = {isa = PBXFileReference; explicitFileType = wrapper.application; includeInIndex = 0; path = "Header Table.app"; sourceTree = BUILT_PRODUCTS_DIR; };
		ECD4B7DA2204672300A777D9 /* AppDelegate.swift */ = {isa = PBXFileReference; lastKnownFileType = sourcecode.swift; path = AppDelegate.swift; sourceTree = "<group>"; };
		ECD4B7DC2204672300A777D9 /* ViewController.swift */ = {isa = PBXFileReference; lastKnownFileType = sourcecode.swift; path = ViewController.swift; sourceTree = "<group>"; };
		ECD4B7DF2204672300A777D9 /* Base */ = {isa = PBXFileReference; lastKnownFileType = file.storyboard; name = Base; path = Base.lproj/Main.storyboard; sourceTree = "<group>"; };
		ECD4B7E12204672300A777D9 /* Assets.xcassets */ = {isa = PBXFileReference; lastKnownFileType = folder.assetcatalog; path = Assets.xcassets; sourceTree = "<group>"; };
		ECD4B7E42204672300A777D9 /* Base */ = {isa = PBXFileReference; lastKnownFileType = file.storyboard; name = Base; path = Base.lproj/LaunchScreen.storyboard; sourceTree = "<group>"; };
		ECD4B7E62204672300A777D9 /* Info.plist */ = {isa = PBXFileReference; lastKnownFileType = text.plist.xml; path = Info.plist; sourceTree = "<group>"; };
		ECD4B7EC2204684E00A777D9 /* ListTVC.swift */ = {isa = PBXFileReference; lastKnownFileType = sourcecode.swift; path = ListTVC.swift; sourceTree = "<group>"; };
/* End PBXFileReference section */

/* Begin PBXFrameworksBuildPhase section */
		ECD4B7D42204672300A777D9 /* Frameworks */ = {
			isa = PBXFrameworksBuildPhase;
			buildActionMask = 2147483647;
			files = (
			);
			runOnlyForDeploymentPostprocessing = 0;
		};
/* End PBXFrameworksBuildPhase section */

/* Begin PBXGroup section */
		ECD4B7CE2204672300A777D9 = {
			isa = PBXGroup;
			children = (
				ECD4B7D92204672300A777D9 /* Header Table */,
				ECD4B7D82204672300A777D9 /* Products */,
			);
			sourceTree = "<group>";
		};
		ECD4B7D82204672300A777D9 /* Products */ = {
			isa = PBXGroup;
			children = (
				ECD4B7D72204672300A777D9 /* Header Table.app */,
			);
			name = Products;
			sourceTree = "<group>";
		};
		ECD4B7D92204672300A777D9 /* Header Table */ = {
			isa = PBXGroup;
			children = (
				ECD4B7DA2204672300A777D9 /* AppDelegate.swift */,
				ECD4B7DC2204672300A777D9 /* ViewController.swift */,
				ECD4B7DE2204672300A777D9 /* Main.storyboard */,
				ECD4B7EC2204684E00A777D9 /* ListTVC.swift */,
				ECD4B7E12204672300A777D9 /* Assets.xcassets */,
				ECD4B7E32204672300A777D9 /* LaunchScreen.storyboard */,
				ECD4B7E62204672300A777D9 /* Info.plist */,
			);
			path = "Header Table";
			sourceTree = "<group>";
		};
/* End PBXGroup section */

/* Begin PBXNativeTarget section */
		ECD4B7D62204672300A777D9 /* Header Table */ = {
			isa = PBXNativeTarget;
			buildConfigurationList = ECD4B7E92204672300A777D9 /* Build configuration list for PBXNativeTarget "Header Table" */;
			buildPhases = (
				ECD4B7D32204672300A777D9 /* Sources */,
				ECD4B7D42204672300A777D9 /* Frameworks */,
				ECD4B7D52204672300A777D9 /* Resources */,
			);
			buildRules = (
			);
			dependencies = (
			);
			name = "Header Table";
			productName = "Header Table";
			productReference = ECD4B7D72204672300A777D9 /* Header Table.app */;
			productType = "com.apple.product-type.application";
		};
/* End PBXNativeTarget section */

/* Begin PBXProject section */
		ECD4B7CF2204672300A777D9 /* Project object */ = {
			isa = PBXProject;
			attributes = {
				LastSwiftUpdateCheck = 0920;
				LastUpgradeCheck = 0920;
				ORGANIZATIONNAME = trainee;
				TargetAttributes = {
					ECD4B7D62204672300A777D9 = {
						CreatedOnToolsVersion = 9.2;
						ProvisioningStyle = Automatic;
					};
				};
			};
			buildConfigurationList = ECD4B7D22204672300A777D9 /* Build configuration list for PBXProject "Header Table" */;
			compatibilityVersion = "Xcode 8.0";
			developmentRegion = en;
			hasScannedForEncodings = 0;
			knownRegions = (
				en,
				Base,
			);
			mainGroup = ECD4B7CE2204672300A777D9;
			productRefGroup = ECD4B7D82204672300A777D9 /* Products */;
			projectDirPath = "";
			projectRoot = "";
			targets = (
				ECD4B7D62204672300A777D9 /* Header Table */,
			);
		};
/* End PBXProject section */

/* Begin PBXResourcesBuildPhase section */
		ECD4B7D52204672300A777D9 /* Resources */ = {
			isa = PBXResourcesBuildPhase;
			buildActionMask = 2147483647;
			files = (
				ECD4B7E52204672300A777D9 /* LaunchScreen.storyboard in Resources */,
				ECD4B7E22204672300A777D9 /* Assets.xcassets in Resources */,
				ECD4B7E02204672300A777D9 /* Main.storyboard in Resources */,
			);
			runOnlyForDeploymentPostprocessing = 0;
		};
/* End PBXResourcesBuildPhase section */

/* Begin PBXSourcesBuildPhase section */
		ECD4B7D32204672300A777D9 /* Sources */ = {
			isa = PBXSourcesBuildPhase;
			buildActionMask = 2147483647;
			files = (
				ECD4B7ED2204684E00A777D9 /* ListTVC.swift in Sources */,
				ECD4B7DD2204672300A777D9 /* ViewController.swift in Sources */,
				ECD4B7DB2204672300A777D9 /* AppDelegate.swift in Sources */,
			);
			runOnlyForDeploymentPostprocessing = 0;
		};
/* End PBXSourcesBuildPhase section */

/* Begin PBXVariantGroup section */
		ECD4B7DE2204672300A777D9 /* Main.storyboard */ = {
			isa = PBXVariantGroup;
			children = (
				ECD4B7DF2204672300A777D9 /* Base */,
			);
			name = Main.storyboard;
			sourceTree = "<group>";
		};
		ECD4B7E32204672300A777D9 /* LaunchScreen.storyboard */ = {
			isa = PBXVariantGroup;
			children = (
				ECD4B7E42204672300A777D9 /* Base */,
			);
			name = LaunchScreen.storyboard;
			sourceTree = "<group>";
		};
/* End PBXVariantGroup section */

/* Begin XCBuildConfiguration section */
		ECD4B7E72204672300A777D9 /* Debug */ = {
			isa = XCBuildConfiguration;
			buildSettings = {
				ALWAYS_SEARCH_USER_PATHS = NO;
				CLANG_ANALYZER_NONNULL = YES;
				CLANG_ANALYZER_NUMBER_OBJECT_CONVERSION = YES_AGGRESSIVE;
				CLANG_CXX_LANGUAGE_STANDARD = "gnu++14";
				CLANG_CXX_LIBRARY = "libc++";
				CLANG_ENABLE_MODULES = YES;
				CLANG_ENABLE_OBJC_ARC = YES;
				CLANG_WARN_BLOCK_CAPTURE_AUTORELEASING = YES;
				CLANG_WARN_BOOL_CONVERSION = YES;
				CLANG_WARN_COMMA = YES;
				CLANG_WARN_CONSTANT_CONVERSION = YES;
				CLANG_WARN_DIRECT_OBJC_ISA_USAGE = YES_ERROR;
				CLANG_WARN_DOCUMENTATION_COMMENTS = YES;
				CLANG_WARN_EMPTY_BODY = YES;
				CLANG_WARN_ENUM_CONVERSION = YES;
				CLANG_WARN_INFINITE_RECURSION = YES;
				CLANG_WARN_INT_CONVERSION = YES;
				CLANG_WARN_NON_LITERAL_NULL_CONVERSION = YES;
				CLANG_WARN_OBJC_LITERAL_CONVERSION = YES;
				CLANG_WARN_OBJC_ROOT_CLASS = YES_ERROR;
				CLANG_WARN_RANGE_LOOP_ANALYSIS = YES;
				CLANG_WARN_STRICT_PROTOTYPES = YES;
				CLANG_WARN_SUSPICIOUS_MOVE = YES;
				CLANG_WARN_UNGUARDED_AVAILABILITY = YES_AGGRESSIVE;
				CLANG_WARN_UNREACHABLE_CODE = YES;
				CLANG_WARN__DUPLICATE_METHOD_MATCH = YES;
				CODE_SIGN_IDENTITY = "iPhone Developer";
				COPY_PHASE_STRIP = NO;
				DEBUG_INFORMATION_FORMAT = dwarf;
				ENABLE_STRICT_OBJC_MSGSEND = YES;
				ENABLE_TESTABILITY = YES;
				GCC_C_LANGUAGE_STANDARD = gnu11;
				GCC_DYNAMIC_NO_PIC = NO;
				GCC_NO_COMMON_BLOCKS = YES;
				GCC_OPTIMIZATION_LEVEL = 0;
				GCC_PREPROCESSOR_DEFINITIONS = (
					"DEBUG=1",
					"$(inherited)",
				);
				GCC_WARN_64_TO_32_BIT_CONVERSION = YES;
				GCC_WARN_ABOUT_RETURN_TYPE = YES_ERROR;
				GCC_WARN_UNDECLARED_SELECTOR = YES;
				GCC_WARN_UNINITIALIZED_AUTOS = YES_AGGRESSIVE;
				GCC_WARN_UNUSED_FUNCTION = YES;
				GCC_WARN_UNUSED_VARIABLE = YES;
				IPHONEOS_DEPLOYMENT_TARGET = 11.2;
				MTL_ENABLE_DEBUG_INFO = YES;
				ONLY_ACTIVE_ARCH = YES;
				SDKROOT = iphoneos;
				SWIFT_ACTIVE_COMPILATION_CONDITIONS = DEBUG;
				SWIFT_OPTIMIZATION_LEVEL = "-Onone";
			};
			name = Debug;
		};
		ECD4B7E82204672300A777D9 /* Release */ = {
			isa = XCBuildConfiguration;
			buildSettings = {
				ALWAYS_SEARCH_USER_PATHS = NO;
				CLANG_ANALYZER_NONNULL = YES;
				CLANG_ANALYZER_NUMBER_OBJECT_CONVERSION = YES_AGGRESSIVE;
				CLANG_CXX_LANGUAGE_STANDARD = "gnu++14";
				CLANG_CXX_LIBRARY = "libc++";
				CLANG_ENABLE_MODULES = YES;
				CLANG_ENABLE_OBJC_ARC = YES;
				CLANG_WARN_BLOCK_CAPTURE_AUTORELEASING = YES;
				CLANG_WARN_BOOL_CONVERSION = YES;
				CLANG_WARN_COMMA = YES;
				CLANG_WARN_CONSTANT_CONVERSION = YES;
				CLANG_WARN_DIRECT_OBJC_ISA_USAGE = YES_ERROR;
				CLANG_WARN_DOCUMENTATION_COMMENTS = YES;
				CLANG_WARN_EMPTY_BODY = YES;
				CLANG_WARN_ENUM_CONVERSION = YES;
				CLANG_WARN_INFINITE_RECURSION = YES;
				CLANG_WARN_INT_CONVERSION = YES;
				CLANG_WARN_NON_LITERAL_NULL_CONVERSION = YES;
				CLANG_WARN_OBJC_LITERAL_CONVERSION = YES;
				CLANG_WARN_OBJC_ROOT_CLASS = YES_ERROR;
				CLANG_WARN_RANGE_LOOP_ANALYSIS = YES;
				CLANG_WARN_STRICT_PROTOTYPES = YES;
				CLANG_WARN_SUSPICIOUS_MOVE = YES;
				CLANG_WARN_UNGUARDED_AVAILABILITY = YES_AGGRESSIVE;
				CLANG_WARN_UNREACHABLE_CODE = YES;
				CLANG_WARN__DUPLICATE_METHOD_MATCH = YES;
				CODE_SIGN_IDENTITY = "iPhone Developer";
				COPY_PHASE_STRIP = NO;
				DEBUG_INFORMATION_FORMAT = "dwarf-with-dsym";
				ENABLE_NS_ASSERTIONS = NO;
				ENABLE_STRICT_OBJC_MSGSEND = YES;
				GCC_C_LANGUAGE_STANDARD = gnu11;
				GCC_NO_COMMON_BLOCKS = YES;
				GCC_WARN_64_TO_32_BIT_CONVERSION = YES;
				GCC_WARN_ABOUT_RETURN_TYPE = YES_ERROR;
				GCC_WARN_UNDECLARED_SELECTOR = YES;
				GCC_WARN_UNINITIALIZED_AUTOS = YES_AGGRESSIVE;
				GCC_WARN_UNUSED_FUNCTION = YES;
				GCC_WARN_UNUSED_VARIABLE = YES;
				IPHONEOS_DEPLOYMENT_TARGET = 11.2;
				MTL_ENABLE_DEBUG_INFO = NO;
				SDKROOT = iphoneos;
				SWIFT_OPTIMIZATION_LEVEL = "-Owholemodule";
				VALIDATE_PRODUCT = YES;
			};
			name = Release;
		};
		ECD4B7EA2204672300A777D9 /* Debug */ = {
			isa = XCBuildConfiguration;
			buildSettings = {
				ASSETCATALOG_COMPILER_APPICON_NAME = AppIcon;
				CODE_SIGN_STYLE = Automatic;
				INFOPLIST_FILE = "Header Table/Info.plist";
				LD_RUNPATH_SEARCH_PATHS = "$(inherited) @executable_path/Frameworks";
				PRODUCT_BUNDLE_IDENTIFIER = "toxsl.Header-Table";
				PRODUCT_NAME = "$(TARGET_NAME)";
				SWIFT_VERSION = 4.0;
				TARGETED_DEVICE_FAMILY = "1,2";
			};
			name = Debug;
		};
		ECD4B7EB2204672300A777D9 /* Release */ = {
			isa = XCBuildConfiguration;
			buildSettings = {
				ASSETCATALOG_COMPILER_APPICON_NAME = AppIcon;
				CODE_SIGN_STYLE = Automatic;
				INFOPLIST_FILE = "Header Table/Info.plist";
				LD_RUNPATH_SEARCH_PATHS = "$(inherited) @executable_path/Frameworks";
				PRODUCT_BUNDLE_IDENTIFIER = "toxsl.Header-Table";
				PRODUCT_NAME = "$(TARGET_NAME)";
				SWIFT_VERSION = 4.0;
				TARGETED_DEVICE_FAMILY = "1,2";
			};
			name = Release;
		};
/* End XCBuildConfiguration section */

/* Begin XCConfigurationList section */
		ECD4B7D22204672300A777D9 /* Build configuration list for PBXProject "Header Table" */ = {
			isa = XCConfigurationList;
			buildConfigurations = (
				ECD4B7E72204672300A777D9 /* Debug */,
				ECD4B7E82204672300A777D9 /* Release */,
			);
			defaultConfigurationIsVisible = 0;
			defaultConfigurationName = Release;
		};
		ECD4B7E92204672300A777D9 /* Build configuration list for PBXNativeTarget "Header Table" */ = {
			isa = XCConfigurationList;
			buildConfigurations = (
				ECD4B7EA2204672300A777D9 /* Debug */,
				ECD4B7EB2204672300A777D9 /* Release */,
			);
			defaultConfigurationIsVisible = 0;
			defaultConfigurationName = Release;
		};
/* End XCConfigurationList section */
	};
	rootObject = ECD4B7CF2204672300A777D9 /* Project object */;
}
