// !$*UTF8*$!
{
	archiveVersion = 1;
	classes = {
	};
	objectVersion = 50;
	objects = {

/* Begin PBXBuildFile section */
		EC70016121900885000932D6 /* AppDelegate.swift in Sources */ = {isa = PBXBuildFile; fileRef = EC70016021900885000932D6 /* AppDelegate.swift */; };
		EC70016321900885000932D6 /* ViewController.swift in Sources */ = {isa = PBXBuildFile; fileRef = EC70016221900885000932D6 /* ViewController.swift */; };
		EC70016621900885000932D6 /* Main.storyboard in Resources */ = {isa = PBXBuildFile; fileRef = EC70016421900885000932D6 /* Main.storyboard */; };
		EC7001682190088E000932D6 /* Assets.xcassets in Resources */ = {isa = PBXBuildFile; fileRef = EC7001672190088E000932D6 /* Assets.xcassets */; };
		EC70016B2190088E000932D6 /* LaunchScreen.storyboard in Resources */ = {isa = PBXBuildFile; fileRef = EC7001692190088E000932D6 /* LaunchScreen.storyboard */; };
		EC700174219009C7000932D6 /* TableViewCell1.swift in Sources */ = {isa = PBXBuildFile; fileRef = EC700172219009C7000932D6 /* TableViewCell1.swift */; };
		EC700175219009C7000932D6 /* TableViewCell1.xib in Resources */ = {isa = PBXBuildFile; fileRef = EC700173219009C7000932D6 /* TableViewCell1.xib */; };
		EC70017821900AE4000932D6 /* TableViewCell2.swift in Sources */ = {isa = PBXBuildFile; fileRef = EC70017621900AE4000932D6 /* TableViewCell2.swift */; };
		EC70017921900AE4000932D6 /* TableViewCell2.xib in Resources */ = {isa = PBXBuildFile; fileRef = EC70017721900AE4000932D6 /* TableViewCell2.xib */; };
/* End PBXBuildFile section */

/* Begin PBXFileReference section */
		EC70015D21900885000932D6 /* CustomXibFile_Swift.app */ = {isa = PBXFileReference; explicitFileType = wrapper.application; includeInIndex = 0; path = CustomXibFile_Swift.app; sourceTree = BUILT_PRODUCTS_DIR; };
		EC70016021900885000932D6 /* AppDelegate.swift */ = {isa = PBXFileReference; lastKnownFileType = sourcecode.swift; path = AppDelegate.swift; sourceTree = "<group>"; };
		EC70016221900885000932D6 /* ViewController.swift */ = {isa = PBXFileReference; lastKnownFileType = sourcecode.swift; path = ViewController.swift; sourceTree = "<group>"; };
		EC70016521900885000932D6 /* Base */ = {isa = PBXFileReference; lastKnownFileType = file.storyboard; name = Base; path = Base.lproj/Main.storyboard; sourceTree = "<group>"; };
		EC7001672190088E000932D6 /* Assets.xcassets */ = {isa = PBXFileReference; lastKnownFileType = folder.assetcatalog; path = Assets.xcassets; sourceTree = "<group>"; };
		EC70016A2190088E000932D6 /* Base */ = {isa = PBXFileReference; lastKnownFileType = file.storyboard; name = Base; path = Base.lproj/LaunchScreen.storyboard; sourceTree = "<group>"; };
		EC70016C2190088E000932D6 /* Info.plist */ = {isa = PBXFileReference; lastKnownFileType = text.plist.xml; path = Info.plist; sourceTree = "<group>"; };
		EC700172219009C7000932D6 /* TableViewCell1.swift */ = {isa = PBXFileReference; lastKnownFileType = sourcecode.swift; path = TableViewCell1.swift; sourceTree = "<group>"; };
		EC700173219009C7000932D6 /* TableViewCell1.xib */ = {isa = PBXFileReference; lastKnownFileType = file.xib; path = TableViewCell1.xib; sourceTree = "<group>"; };
		EC70017621900AE4000932D6 /* TableViewCell2.swift */ = {isa = PBXFileReference; lastKnownFileType = sourcecode.swift; path = TableViewCell2.swift; sourceTree = "<group>"; };
		EC70017721900AE4000932D6 /* TableViewCell2.xib */ = {isa = PBXFileReference; lastKnownFileType = file.xib; path = TableViewCell2.xib; sourceTree = "<group>"; };
/* End PBXFileReference section */

/* Begin PBXFrameworksBuildPhase section */
		EC70015A21900885000932D6 /* Frameworks */ = {
			isa = PBXFrameworksBuildPhase;
			buildActionMask = 2147483647;
			files = (
			);
			runOnlyForDeploymentPostprocessing = 0;
		};
/* End PBXFrameworksBuildPhase section */

/* Begin PBXGroup section */
		EC70015421900885000932D6 = {
			isa = PBXGroup;
			children = (
				EC70015F21900885000932D6 /* CustomXibFile_Swift */,
				EC70015E21900885000932D6 /* Products */,
			);
			sourceTree = "<group>";
		};
		EC70015E21900885000932D6 /* Products */ = {
			isa = PBXGroup;
			children = (
				EC70015D21900885000932D6 /* CustomXibFile_Swift.app */,
			);
			name = Products;
			sourceTree = "<group>";
		};
		EC70015F21900885000932D6 /* CustomXibFile_Swift */ = {
			isa = PBXGroup;
			children = (
				EC70016021900885000932D6 /* AppDelegate.swift */,
				EC70016221900885000932D6 /* ViewController.swift */,
				EC70016421900885000932D6 /* Main.storyboard */,
				EC700172219009C7000932D6 /* TableViewCell1.swift */,
				EC700173219009C7000932D6 /* TableViewCell1.xib */,
				EC70017621900AE4000932D6 /* TableViewCell2.swift */,
				EC70017721900AE4000932D6 /* TableViewCell2.xib */,
				EC7001672190088E000932D6 /* Assets.xcassets */,
				EC7001692190088E000932D6 /* LaunchScreen.storyboard */,
				EC70016C2190088E000932D6 /* Info.plist */,
			);
			path = CustomXibFile_Swift;
			sourceTree = "<group>";
		};
/* End PBXGroup section */

/* Begin PBXNativeTarget section */
		EC70015C21900885000932D6 /* CustomXibFile_Swift */ = {
			isa = PBXNativeTarget;
			buildConfigurationList = EC70016F2190088E000932D6 /* Build configuration list for PBXNativeTarget "CustomXibFile_Swift" */;
			buildPhases = (
				EC70015921900885000932D6 /* Sources */,
				EC70015A21900885000932D6 /* Frameworks */,
				EC70015B21900885000932D6 /* Resources */,
			);
			buildRules = (
			);
			dependencies = (
			);
			name = CustomXibFile_Swift;
			productName = CustomXibFile_Swift;
			productReference = EC70015D21900885000932D6 /* CustomXibFile_Swift.app */;
			productType = "com.apple.product-type.application";
		};
/* End PBXNativeTarget section */

/* Begin PBXProject section */
		EC70015521900885000932D6 /* Project object */ = {
			isa = PBXProject;
			attributes = {
				LastSwiftUpdateCheck = 1000;
				LastUpgradeCheck = 1000;
				ORGANIZATIONNAME = trainee;
				TargetAttributes = {
					EC70015C21900885000932D6 = {
						CreatedOnToolsVersion = 10.0;
					};
				};
			};
			buildConfigurationList = EC70015821900885000932D6 /* Build configuration list for PBXProject "CustomXibFile_Swift" */;
			compatibilityVersion = "Xcode 9.3";
			developmentRegion = en;
			hasScannedForEncodings = 0;
			knownRegions = (
				en,
				Base,
			);
			mainGroup = EC70015421900885000932D6;
			productRefGroup = EC70015E21900885000932D6 /* Products */;
			projectDirPath = "";
			projectRoot = "";
			targets = (
				EC70015C21900885000932D6 /* CustomXibFile_Swift */,
			);
		};
/* End PBXProject section */

/* Begin PBXResourcesBuildPhase section */
		EC70015B21900885000932D6 /* Resources */ = {
			isa = PBXResourcesBuildPhase;
			buildActionMask = 2147483647;
			files = (
				EC70017921900AE4000932D6 /* TableViewCell2.xib in Resources */,
				EC70016B2190088E000932D6 /* LaunchScreen.storyboard in Resources */,
				EC7001682190088E000932D6 /* Assets.xcassets in Resources */,
				EC70016621900885000932D6 /* Main.storyboard in Resources */,
				EC700175219009C7000932D6 /* TableViewCell1.xib in Resources */,
			);
			runOnlyForDeploymentPostprocessing = 0;
		};
/* End PBXResourcesBuildPhase section */

/* Begin PBXSourcesBuildPhase section */
		EC70015921900885000932D6 /* Sources */ = {
			isa = PBXSourcesBuildPhase;
			buildActionMask = 2147483647;
			files = (
				EC70017821900AE4000932D6 /* TableViewCell2.swift in Sources */,
				EC700174219009C7000932D6 /* TableViewCell1.swift in Sources */,
				EC70016321900885000932D6 /* ViewController.swift in Sources */,
				EC70016121900885000932D6 /* AppDelegate.swift in Sources */,
			);
			runOnlyForDeploymentPostprocessing = 0;
		};
/* End PBXSourcesBuildPhase section */

/* Begin PBXVariantGroup section */
		EC70016421900885000932D6 /* Main.storyboard */ = {
			isa = PBXVariantGroup;
			children = (
				EC70016521900885000932D6 /* Base */,
			);
			name = Main.storyboard;
			sourceTree = "<group>";
		};
		EC7001692190088E000932D6 /* LaunchScreen.storyboard */ = {
			isa = PBXVariantGroup;
			children = (
				EC70016A2190088E000932D6 /* Base */,
			);
			name = LaunchScreen.storyboard;
			sourceTree = "<group>";
		};
/* End PBXVariantGroup section */

/* Begin XCBuildConfiguration section */
		EC70016D2190088E000932D6 /* Debug */ = {
			isa = XCBuildConfiguration;
			buildSettings = {
				ALWAYS_SEARCH_USER_PATHS = NO;
				CLANG_ANALYZER_NONNULL = YES;
				CLANG_ANALYZER_NUMBER_OBJECT_CONVERSION = YES_AGGRESSIVE;
				CLANG_CXX_LANGUAGE_STANDARD = "gnu++14";
				CLANG_CXX_LIBRARY = "libc++";
				CLANG_ENABLE_MODULES = YES;
				CLANG_ENABLE_OBJC_ARC = YES;
				CLANG_ENABLE_OBJC_WEAK = YES;
				CLANG_WARN_BLOCK_CAPTURE_AUTORELEASING = YES;
				CLANG_WARN_BOOL_CONVERSION = YES;
				CLANG_WARN_COMMA = YES;
				CLANG_WARN_CONSTANT_CONVERSION = YES;
				CLANG_WARN_DEPRECATED_OBJC_IMPLEMENTATIONS = YES;
				CLANG_WARN_DIRECT_OBJC_ISA_USAGE = YES_ERROR;
				CLANG_WARN_DOCUMENTATION_COMMENTS = YES;
				CLANG_WARN_EMPTY_BODY = YES;
				CLANG_WARN_ENUM_CONVERSION = YES;
				CLANG_WARN_INFINITE_RECURSION = YES;
				CLANG_WARN_INT_CONVERSION = YES;
				CLANG_WARN_NON_LITERAL_NULL_CONVERSION = YES;
				CLANG_WARN_OBJC_IMPLICIT_RETAIN_SELF = YES;
				CLANG_WARN_OBJC_LITERAL_CONVERSION = YES;
				CLANG_WARN_OBJC_ROOT_CLASS = YES_ERROR;
				CLANG_WARN_RANGE_LOOP_ANALYSIS = YES;
				CLANG_WARN_STRICT_PROTOTYPES = YES;
				CLANG_WARN_SUSPICIOUS_MOVE = YES;
				CLANG_WARN_UNGUARDED_AVAILABILITY = YES_AGGRESSIVE;
				CLANG_WARN_UNREACHABLE_CODE = YES;
				CLANG_WARN__DUPLICATE_METHOD_MATCH = YES;
				CODE_SIGN_IDENTITY = "iPhone Developer";
				COPY_PHASE_STRIP = NO;
				DEBUG_INFORMATION_FORMAT = dwarf;
				ENABLE_STRICT_OBJC_MSGSEND = YES;
				ENABLE_TESTABILITY = YES;
				GCC_C_LANGUAGE_STANDARD = gnu11;
				GCC_DYNAMIC_NO_PIC = NO;
				GCC_NO_COMMON_BLOCKS = YES;
				GCC_OPTIMIZATION_LEVEL = 0;
				GCC_PREPROCESSOR_DEFINITIONS = (
					"DEBUG=1",
					"$(inherited)",
				);
				GCC_WARN_64_TO_32_BIT_CONVERSION = YES;
				GCC_WARN_ABOUT_RETURN_TYPE = YES_ERROR;
				GCC_WARN_UNDECLARED_SELECTOR = YES;
				GCC_WARN_UNINITIALIZED_AUTOS = YES_AGGRESSIVE;
				GCC_WARN_UNUSED_FUNCTION = YES;
				GCC_WARN_UNUSED_VARIABLE = YES;
				IPHONEOS_DEPLOYMENT_TARGET = 12.0;
				MTL_ENABLE_DEBUG_INFO = INCLUDE_SOURCE;
				MTL_FAST_MATH = YES;
				ONLY_ACTIVE_ARCH = YES;
				SDKROOT = iphoneos;
				SWIFT_ACTIVE_COMPILATION_CONDITIONS = DEBUG;
				SWIFT_OPTIMIZATION_LEVEL = "-Onone";
			};
			name = Debug;
		};
		EC70016E2190088E000932D6 /* Release */ = {
			isa = XCBuildConfiguration;
			buildSettings = {
				ALWAYS_SEARCH_USER_PATHS = NO;
				CLANG_ANALYZER_NONNULL = YES;
				CLANG_ANALYZER_NUMBER_OBJECT_CONVERSION = YES_AGGRESSIVE;
				CLANG_CXX_LANGUAGE_STANDARD = "gnu++14";
				CLANG_CXX_LIBRARY = "libc++";
				CLANG_ENABLE_MODULES = YES;
				CLANG_ENABLE_OBJC_ARC = YES;
				CLANG_ENABLE_OBJC_WEAK = YES;
				CLANG_WARN_BLOCK_CAPTURE_AUTORELEASING = YES;
				CLANG_WARN_BOOL_CONVERSION = YES;
				CLANG_WARN_COMMA = YES;
				CLANG_WARN_CONSTANT_CONVERSION = YES;
				CLANG_WARN_DEPRECATED_OBJC_IMPLEMENTATIONS = YES;
				CLANG_WARN_DIRECT_OBJC_ISA_USAGE = YES_ERROR;
				CLANG_WARN_DOCUMENTATION_COMMENTS = YES;
				CLANG_WARN_EMPTY_BODY = YES;
				CLANG_WARN_ENUM_CONVERSION = YES;
				CLANG_WARN_INFINITE_RECURSION = YES;
				CLANG_WARN_INT_CONVERSION = YES;
				CLANG_WARN_NON_LITERAL_NULL_CONVERSION = YES;
				CLANG_WARN_OBJC_IMPLICIT_RETAIN_SELF = YES;
				CLANG_WARN_OBJC_LITERAL_CONVERSION = YES;
				CLANG_WARN_OBJC_ROOT_CLASS = YES_ERROR;
				CLANG_WARN_RANGE_LOOP_ANALYSIS = YES;
				CLANG_WARN_STRICT_PROTOTYPES = YES;
				CLANG_WARN_SUSPICIOUS_MOVE = YES;
				CLANG_WARN_UNGUARDED_AVAILABILITY = YES_AGGRESSIVE;
				CLANG_WARN_UNREACHABLE_CODE = YES;
				CLANG_WARN__DUPLICATE_METHOD_MATCH = YES;
				CODE_SIGN_IDENTITY = "iPhone Developer";
				COPY_PHASE_STRIP = NO;
				DEBUG_INFORMATION_FORMAT = "dwarf-with-dsym";
				ENABLE_NS_ASSERTIONS = NO;
				ENABLE_STRICT_OBJC_MSGSEND = YES;
				GCC_C_LANGUAGE_STANDARD = gnu11;
				GCC_NO_COMMON_BLOCKS = YES;
				GCC_WARN_64_TO_32_BIT_CONVERSION = YES;
				GCC_WARN_ABOUT_RETURN_TYPE = YES_ERROR;
				GCC_WARN_UNDECLARED_SELECTOR = YES;
				GCC_WARN_UNINITIALIZED_AUTOS = YES_AGGRESSIVE;
				GCC_WARN_UNUSED_FUNCTION = YES;
				GCC_WARN_UNUSED_VARIABLE = YES;
				IPHONEOS_DEPLOYMENT_TARGET = 12.0;
				MTL_ENABLE_DEBUG_INFO = NO;
				MTL_FAST_MATH = YES;
				SDKROOT = iphoneos;
				SWIFT_COMPILATION_MODE = wholemodule;
				SWIFT_OPTIMIZATION_LEVEL = "-O";
				VALIDATE_PRODUCT = YES;
			};
			name = Release;
		};
		EC7001702190088E000932D6 /* Debug */ = {
			isa = XCBuildConfiguration;
			buildSettings = {
				ASSETCATALOG_COMPILER_APPICON_NAME = AppIcon;
				CODE_SIGN_STYLE = Automatic;
				INFOPLIST_FILE = CustomXibFile_Swift/Info.plist;
				LD_RUNPATH_SEARCH_PATHS = (
					"$(inherited)",
					"@executable_path/Frameworks",
				);
				PRODUCT_BUNDLE_IDENTIFIER = "toxsl.CustomXibFile-Swift";
				PRODUCT_NAME = "$(TARGET_NAME)";
				SWIFT_VERSION = 4.2;
				TARGETED_DEVICE_FAMILY = "1,2";
			};
			name = Debug;
		};
		EC7001712190088E000932D6 /* Release */ = {
			isa = XCBuildConfiguration;
			buildSettings = {
				ASSETCATALOG_COMPILER_APPICON_NAME = AppIcon;
				CODE_SIGN_STYLE = Automatic;
				INFOPLIST_FILE = CustomXibFile_Swift/Info.plist;
				LD_RUNPATH_SEARCH_PATHS = (
					"$(inherited)",
					"@executable_path/Frameworks",
				);
				PRODUCT_BUNDLE_IDENTIFIER = "toxsl.CustomXibFile-Swift";
				PRODUCT_NAME = "$(TARGET_NAME)";
				SWIFT_VERSION = 4.2;
				TARGETED_DEVICE_FAMILY = "1,2";
			};
			name = Release;
		};
/* End XCBuildConfiguration section */

/* Begin XCConfigurationList section */
		EC70015821900885000932D6 /* Build configuration list for PBXProject "CustomXibFile_Swift" */ = {
			isa = XCConfigurationList;
			buildConfigurations = (
				EC70016D2190088E000932D6 /* Debug */,
				EC70016E2190088E000932D6 /* Release */,
			);
			defaultConfigurationIsVisible = 0;
			defaultConfigurationName = Release;
		};
		EC70016F2190088E000932D6 /* Build configuration list for PBXNativeTarget "CustomXibFile_Swift" */ = {
			isa = XCConfigurationList;
			buildConfigurations = (
				EC7001702190088E000932D6 /* Debug */,
				EC7001712190088E000932D6 /* Release */,
			);
			defaultConfigurationIsVisible = 0;
			defaultConfigurationName = Release;
		};
/* End XCConfigurationList section */
	};
	rootObject = EC70015521900885000932D6 /* Project object */;
}
