// !$*UTF8*$!
{
	archiveVersion = 1;
	classes = {
	};
	objectVersion = 48;
	objects = {

/* Begin PBXBuildFile section */
		EC58CB0521DF4FC3004A9F3C /* AppDelegate.swift in Sources */ = {isa = PBXBuildFile; fileRef = EC58CB0421DF4FC3004A9F3C /* AppDelegate.swift */; };
		EC58CB0721DF4FC3004A9F3C /* ViewController.swift in Sources */ = {isa = PBXBuildFile; fileRef = EC58CB0621DF4FC3004A9F3C /* ViewController.swift */; };
		EC58CB0A21DF4FC3004A9F3C /* Main.storyboard in Resources */ = {isa = PBXBuildFile; fileRef = EC58CB0821DF4FC3004A9F3C /* Main.storyboard */; };
		EC58CB0D21DF4FC3004A9F3C /* Delete_and_Cancel_Btn.xcdatamodeld in Sources */ = {isa = PBXBuildFile; fileRef = EC58CB0B21DF4FC3004A9F3C /* Delete_and_Cancel_Btn.xcdatamodeld */; };
		EC58CB0F21DF4FC3004A9F3C /* Assets.xcassets in Resources */ = {isa = PBXBuildFile; fileRef = EC58CB0E21DF4FC3004A9F3C /* Assets.xcassets */; };
		EC58CB1221DF4FC3004A9F3C /* LaunchScreen.storyboard in Resources */ = {isa = PBXBuildFile; fileRef = EC58CB1021DF4FC3004A9F3C /* LaunchScreen.storyboard */; };
		EC58CB1A21DF4FFC004A9F3C /* TableViewCell.swift in Sources */ = {isa = PBXBuildFile; fileRef = EC58CB1921DF4FFC004A9F3C /* TableViewCell.swift */; };
/* End PBXBuildFile section */

/* Begin PBXFileReference section */
		EC58CB0121DF4FC3004A9F3C /* Delete and Cancel Btn.app */ = {isa = PBXFileReference; explicitFileType = wrapper.application; includeInIndex = 0; path = "Delete and Cancel Btn.app"; sourceTree = BUILT_PRODUCTS_DIR; };
		EC58CB0421DF4FC3004A9F3C /* AppDelegate.swift */ = {isa = PBXFileReference; lastKnownFileType = sourcecode.swift; path = AppDelegate.swift; sourceTree = "<group>"; };
		EC58CB0621DF4FC3004A9F3C /* ViewController.swift */ = {isa = PBXFileReference; lastKnownFileType = sourcecode.swift; path = ViewController.swift; sourceTree = "<group>"; };
		EC58CB0921DF4FC3004A9F3C /* Base */ = {isa = PBXFileReference; lastKnownFileType = file.storyboard; name = Base; path = Base.lproj/Main.storyboard; sourceTree = "<group>"; };
		EC58CB0C21DF4FC3004A9F3C /* Delete_and_Cancel_Btn.xcdatamodel */ = {isa = PBXFileReference; lastKnownFileType = wrapper.xcdatamodel; path = Delete_and_Cancel_Btn.xcdatamodel; sourceTree = "<group>"; };
		EC58CB0E21DF4FC3004A9F3C /* Assets.xcassets */ = {isa = PBXFileReference; lastKnownFileType = folder.assetcatalog; path = Assets.xcassets; sourceTree = "<group>"; };
		EC58CB1121DF4FC3004A9F3C /* Base */ = {isa = PBXFileReference; lastKnownFileType = file.storyboard; name = Base; path = Base.lproj/LaunchScreen.storyboard; sourceTree = "<group>"; };
		EC58CB1321DF4FC3004A9F3C /* Info.plist */ = {isa = PBXFileReference; lastKnownFileType = text.plist.xml; path = Info.plist; sourceTree = "<group>"; };
		EC58CB1921DF4FFC004A9F3C /* TableViewCell.swift */ = {isa = PBXFileReference; lastKnownFileType = sourcecode.swift; path = TableViewCell.swift; sourceTree = "<group>"; };
/* End PBXFileReference section */

/* Begin PBXFrameworksBuildPhase section */
		EC58CAFE21DF4FC3004A9F3C /* Frameworks */ = {
			isa = PBXFrameworksBuildPhase;
			buildActionMask = 2147483647;
			files = (
			);
			runOnlyForDeploymentPostprocessing = 0;
		};
/* End PBXFrameworksBuildPhase section */

/* Begin PBXGroup section */
		EC58CAF821DF4FC3004A9F3C = {
			isa = PBXGroup;
			children = (
				EC58CB0321DF4FC3004A9F3C /* Delete and Cancel Btn */,
				EC58CB0221DF4FC3004A9F3C /* Products */,
			);
			sourceTree = "<group>";
		};
		EC58CB0221DF4FC3004A9F3C /* Products */ = {
			isa = PBXGroup;
			children = (
				EC58CB0121DF4FC3004A9F3C /* Delete and Cancel Btn.app */,
			);
			name = Products;
			sourceTree = "<group>";
		};
		EC58CB0321DF4FC3004A9F3C /* Delete and Cancel Btn */ = {
			isa = PBXGroup;
			children = (
				EC58CB0421DF4FC3004A9F3C /* AppDelegate.swift */,
				EC58CB0621DF4FC3004A9F3C /* ViewController.swift */,
				EC58CB0821DF4FC3004A9F3C /* Main.storyboard */,
				EC58CB1921DF4FFC004A9F3C /* TableViewCell.swift */,
				EC58CB0E21DF4FC3004A9F3C /* Assets.xcassets */,
				EC58CB1021DF4FC3004A9F3C /* LaunchScreen.storyboard */,
				EC58CB1321DF4FC3004A9F3C /* Info.plist */,
				EC58CB0B21DF4FC3004A9F3C /* Delete_and_Cancel_Btn.xcdatamodeld */,
			);
			path = "Delete and Cancel Btn";
			sourceTree = "<group>";
		};
/* End PBXGroup section */

/* Begin PBXNativeTarget section */
		EC58CB0021DF4FC3004A9F3C /* Delete and Cancel Btn */ = {
			isa = PBXNativeTarget;
			buildConfigurationList = EC58CB1621DF4FC3004A9F3C /* Build configuration list for PBXNativeTarget "Delete and Cancel Btn" */;
			buildPhases = (
				EC58CAFD21DF4FC3004A9F3C /* Sources */,
				EC58CAFE21DF4FC3004A9F3C /* Frameworks */,
				EC58CAFF21DF4FC3004A9F3C /* Resources */,
			);
			buildRules = (
			);
			dependencies = (
			);
			name = "Delete and Cancel Btn";
			productName = "Delete and Cancel Btn";
			productReference = EC58CB0121DF4FC3004A9F3C /* Delete and Cancel Btn.app */;
			productType = "com.apple.product-type.application";
		};
/* End PBXNativeTarget section */

/* Begin PBXProject section */
		EC58CAF921DF4FC3004A9F3C /* Project object */ = {
			isa = PBXProject;
			attributes = {
				LastSwiftUpdateCheck = 0920;
				LastUpgradeCheck = 0920;
				ORGANIZATIONNAME = trainee;
				TargetAttributes = {
					EC58CB0021DF4FC3004A9F3C = {
						CreatedOnToolsVersion = 9.2;
						ProvisioningStyle = Automatic;
					};
				};
			};
			buildConfigurationList = EC58CAFC21DF4FC3004A9F3C /* Build configuration list for PBXProject "Delete and Cancel Btn" */;
			compatibilityVersion = "Xcode 8.0";
			developmentRegion = en;
			hasScannedForEncodings = 0;
			knownRegions = (
				en,
				Base,
			);
			mainGroup = EC58CAF821DF4FC3004A9F3C;
			productRefGroup = EC58CB0221DF4FC3004A9F3C /* Products */;
			projectDirPath = "";
			projectRoot = "";
			targets = (
				EC58CB0021DF4FC3004A9F3C /* Delete and Cancel Btn */,
			);
		};
/* End PBXProject section */

/* Begin PBXResourcesBuildPhase section */
		EC58CAFF21DF4FC3004A9F3C /* Resources */ = {
			isa = PBXResourcesBuildPhase;
			buildActionMask = 2147483647;
			files = (
				EC58CB1221DF4FC3004A9F3C /* LaunchScreen.storyboard in Resources */,
				EC58CB0F21DF4FC3004A9F3C /* Assets.xcassets in Resources */,
				EC58CB0A21DF4FC3004A9F3C /* Main.storyboard in Resources */,
			);
			runOnlyForDeploymentPostprocessing = 0;
		};
/* End PBXResourcesBuildPhase section */

/* Begin PBXSourcesBuildPhase section */
		EC58CAFD21DF4FC3004A9F3C /* Sources */ = {
			isa = PBXSourcesBuildPhase;
			buildActionMask = 2147483647;
			files = (
				EC58CB0721DF4FC3004A9F3C /* ViewController.swift in Sources */,
				EC58CB1A21DF4FFC004A9F3C /* TableViewCell.swift in Sources */,
				EC58CB0D21DF4FC3004A9F3C /* Delete_and_Cancel_Btn.xcdatamodeld in Sources */,
				EC58CB0521DF4FC3004A9F3C /* AppDelegate.swift in Sources */,
			);
			runOnlyForDeploymentPostprocessing = 0;
		};
/* End PBXSourcesBuildPhase section */

/* Begin PBXVariantGroup section */
		EC58CB0821DF4FC3004A9F3C /* Main.storyboard */ = {
			isa = PBXVariantGroup;
			children = (
				EC58CB0921DF4FC3004A9F3C /* Base */,
			);
			name = Main.storyboard;
			sourceTree = "<group>";
		};
		EC58CB1021DF4FC3004A9F3C /* LaunchScreen.storyboard */ = {
			isa = PBXVariantGroup;
			children = (
				EC58CB1121DF4FC3004A9F3C /* Base */,
			);
			name = LaunchScreen.storyboard;
			sourceTree = "<group>";
		};
/* End PBXVariantGroup section */

/* Begin XCBuildConfiguration section */
		EC58CB1421DF4FC3004A9F3C /* Debug */ = {
			isa = XCBuildConfiguration;
			buildSettings = {
				ALWAYS_SEARCH_USER_PATHS = NO;
				CLANG_ANALYZER_NONNULL = YES;
				CLANG_ANALYZER_NUMBER_OBJECT_CONVERSION = YES_AGGRESSIVE;
				CLANG_CXX_LANGUAGE_STANDARD = "gnu++14";
				CLANG_CXX_LIBRARY = "libc++";
				CLANG_ENABLE_MODULES = YES;
				CLANG_ENABLE_OBJC_ARC = YES;
				CLANG_WARN_BLOCK_CAPTURE_AUTORELEASING = YES;
				CLANG_WARN_BOOL_CONVERSION = YES;
				CLANG_WARN_COMMA = YES;
				CLANG_WARN_CONSTANT_CONVERSION = YES;
				CLANG_WARN_DIRECT_OBJC_ISA_USAGE = YES_ERROR;
				CLANG_WARN_DOCUMENTATION_COMMENTS = YES;
				CLANG_WARN_EMPTY_BODY = YES;
				CLANG_WARN_ENUM_CONVERSION = YES;
				CLANG_WARN_INFINITE_RECURSION = YES;
				CLANG_WARN_INT_CONVERSION = YES;
				CLANG_WARN_NON_LITERAL_NULL_CONVERSION = YES;
				CLANG_WARN_OBJC_LITERAL_CONVERSION = YES;
				CLANG_WARN_OBJC_ROOT_CLASS = YES_ERROR;
				CLANG_WARN_RANGE_LOOP_ANALYSIS = YES;
				CLANG_WARN_STRICT_PROTOTYPES = YES;
				CLANG_WARN_SUSPICIOUS_MOVE = YES;
				CLANG_WARN_UNGUARDED_AVAILABILITY = YES_AGGRESSIVE;
				CLANG_WARN_UNREACHABLE_CODE = YES;
				CLANG_WARN__DUPLICATE_METHOD_MATCH = YES;
				CODE_SIGN_IDENTITY = "iPhone Developer";
				COPY_PHASE_STRIP = NO;
				DEBUG_INFORMATION_FORMAT = dwarf;
				ENABLE_STRICT_OBJC_MSGSEND = YES;
				ENABLE_TESTABILITY = YES;
				GCC_C_LANGUAGE_STANDARD = gnu11;
				GCC_DYNAMIC_NO_PIC = NO;
				GCC_NO_COMMON_BLOCKS = YES;
				GCC_OPTIMIZATION_LEVEL = 0;
				GCC_PREPROCESSOR_DEFINITIONS = (
					"DEBUG=1",
					"$(inherited)",
				);
				GCC_WARN_64_TO_32_BIT_CONVERSION = YES;
				GCC_WARN_ABOUT_RETURN_TYPE = YES_ERROR;
				GCC_WARN_UNDECLARED_SELECTOR = YES;
				GCC_WARN_UNINITIALIZED_AUTOS = YES_AGGRESSIVE;
				GCC_WARN_UNUSED_FUNCTION = YES;
				GCC_WARN_UNUSED_VARIABLE = YES;
				IPHONEOS_DEPLOYMENT_TARGET = 11.2;
				MTL_ENABLE_DEBUG_INFO = YES;
				ONLY_ACTIVE_ARCH = YES;
				SDKROOT = iphoneos;
				SWIFT_ACTIVE_COMPILATION_CONDITIONS = DEBUG;
				SWIFT_OPTIMIZATION_LEVEL = "-Onone";
			};
			name = Debug;
		};
		EC58CB1521DF4FC3004A9F3C /* Release */ = {
			isa = XCBuildConfiguration;
			buildSettings = {
				ALWAYS_SEARCH_USER_PATHS = NO;
				CLANG_ANALYZER_NONNULL = YES;
				CLANG_ANALYZER_NUMBER_OBJECT_CONVERSION = YES_AGGRESSIVE;
				CLANG_CXX_LANGUAGE_STANDARD = "gnu++14";
				CLANG_CXX_LIBRARY = "libc++";
				CLANG_ENABLE_MODULES = YES;
				CLANG_ENABLE_OBJC_ARC = YES;
				CLANG_WARN_BLOCK_CAPTURE_AUTORELEASING = YES;
				CLANG_WARN_BOOL_CONVERSION = YES;
				CLANG_WARN_COMMA = YES;
				CLANG_WARN_CONSTANT_CONVERSION = YES;
				CLANG_WARN_DIRECT_OBJC_ISA_USAGE = YES_ERROR;
				CLANG_WARN_DOCUMENTATION_COMMENTS = YES;
				CLANG_WARN_EMPTY_BODY = YES;
				CLANG_WARN_ENUM_CONVERSION = YES;
				CLANG_WARN_INFINITE_RECURSION = YES;
				CLANG_WARN_INT_CONVERSION = YES;
				CLANG_WARN_NON_LITERAL_NULL_CONVERSION = YES;
				CLANG_WARN_OBJC_LITERAL_CONVERSION = YES;
				CLANG_WARN_OBJC_ROOT_CLASS = YES_ERROR;
				CLANG_WARN_RANGE_LOOP_ANALYSIS = YES;
				CLANG_WARN_STRICT_PROTOTYPES = YES;
				CLANG_WARN_SUSPICIOUS_MOVE = YES;
				CLANG_WARN_UNGUARDED_AVAILABILITY = YES_AGGRESSIVE;
				CLANG_WARN_UNREACHABLE_CODE = YES;
				CLANG_WARN__DUPLICATE_METHOD_MATCH = YES;
				CODE_SIGN_IDENTITY = "iPhone Developer";
				COPY_PHASE_STRIP = NO;
				DEBUG_INFORMATION_FORMAT = "dwarf-with-dsym";
				ENABLE_NS_ASSERTIONS = NO;
				ENABLE_STRICT_OBJC_MSGSEND = YES;
				GCC_C_LANGUAGE_STANDARD = gnu11;
				GCC_NO_COMMON_BLOCKS = YES;
				GCC_WARN_64_TO_32_BIT_CONVERSION = YES;
				GCC_WARN_ABOUT_RETURN_TYPE = YES_ERROR;
				GCC_WARN_UNDECLARED_SELECTOR = YES;
				GCC_WARN_UNINITIALIZED_AUTOS = YES_AGGRESSIVE;
				GCC_WARN_UNUSED_FUNCTION = YES;
				GCC_WARN_UNUSED_VARIABLE = YES;
				IPHONEOS_DEPLOYMENT_TARGET = 11.2;
				MTL_ENABLE_DEBUG_INFO = NO;
				SDKROOT = iphoneos;
				SWIFT_OPTIMIZATION_LEVEL = "-Owholemodule";
				VALIDATE_PRODUCT = YES;
			};
			name = Release;
		};
		EC58CB1721DF4FC3004A9F3C /* Debug */ = {
			isa = XCBuildConfiguration;
			buildSettings = {
				ASSETCATALOG_COMPILER_APPICON_NAME = AppIcon;
				CODE_SIGN_STYLE = Automatic;
				INFOPLIST_FILE = "Delete and Cancel Btn/Info.plist";
				LD_RUNPATH_SEARCH_PATHS = "$(inherited) @executable_path/Frameworks";
				PRODUCT_BUNDLE_IDENTIFIER = "toxsl.Delete-and-Cancel-Btn";
				PRODUCT_NAME = "$(TARGET_NAME)";
				SWIFT_VERSION = 4.0;
				TARGETED_DEVICE_FAMILY = "1,2";
			};
			name = Debug;
		};
		EC58CB1821DF4FC3004A9F3C /* Release */ = {
			isa = XCBuildConfiguration;
			buildSettings = {
				ASSETCATALOG_COMPILER_APPICON_NAME = AppIcon;
				CODE_SIGN_STYLE = Automatic;
				INFOPLIST_FILE = "Delete and Cancel Btn/Info.plist";
				LD_RUNPATH_SEARCH_PATHS = "$(inherited) @executable_path/Frameworks";
				PRODUCT_BUNDLE_IDENTIFIER = "toxsl.Delete-and-Cancel-Btn";
				PRODUCT_NAME = "$(TARGET_NAME)";
				SWIFT_VERSION = 4.0;
				TARGETED_DEVICE_FAMILY = "1,2";
			};
			name = Release;
		};
/* End XCBuildConfiguration section */

/* Begin XCConfigurationList section */
		EC58CAFC21DF4FC3004A9F3C /* Build configuration list for PBXProject "Delete and Cancel Btn" */ = {
			isa = XCConfigurationList;
			buildConfigurations = (
				EC58CB1421DF4FC3004A9F3C /* Debug */,
				EC58CB1521DF4FC3004A9F3C /* Release */,
			);
			defaultConfigurationIsVisible = 0;
			defaultConfigurationName = Release;
		};
		EC58CB1621DF4FC3004A9F3C /* Build configuration list for PBXNativeTarget "Delete and Cancel Btn" */ = {
			isa = XCConfigurationList;
			buildConfigurations = (
				EC58CB1721DF4FC3004A9F3C /* Debug */,
				EC58CB1821DF4FC3004A9F3C /* Release */,
			);
			defaultConfigurationIsVisible = 0;
			defaultConfigurationName = Release;
		};
/* End XCConfigurationList section */

/* Begin XCVersionGroup section */
		EC58CB0B21DF4FC3004A9F3C /* Delete_and_Cancel_Btn.xcdatamodeld */ = {
			isa = XCVersionGroup;
			children = (
				EC58CB0C21DF4FC3004A9F3C /* Delete_and_Cancel_Btn.xcdatamodel */,
			);
			currentVersion = EC58CB0C21DF4FC3004A9F3C /* Delete_and_Cancel_Btn.xcdatamodel */;
			path = Delete_and_Cancel_Btn.xcdatamodeld;
			sourceTree = "<group>";
			versionGroupType = wrapper.xcdatamodel;
		};
/* End XCVersionGroup section */
	};
	rootObject = EC58CAF921DF4FC3004A9F3C /* Project object */;
}
