// !$*UTF8*$!
{
	archiveVersion = 1;
	classes = {
	};
	objectVersion = 48;
	objects = {

/* Begin PBXBuildFile section */
		ECCFC859220308DE00606A36 /* AppDelegate.swift in Sources */ = {isa = PBXBuildFile; fileRef = ECCFC858220308DE00606A36 /* AppDelegate.swift */; };
		ECCFC85E220308DE00606A36 /* Main.storyboard in Resources */ = {isa = PBXBuildFile; fileRef = ECCFC85C220308DE00606A36 /* Main.storyboard */; };
		ECCFC860220308DE00606A36 /* Assets.xcassets in Resources */ = {isa = PBXBuildFile; fileRef = ECCFC85F220308DE00606A36 /* Assets.xcassets */; };
		ECCFC863220308DE00606A36 /* LaunchScreen.storyboard in Resources */ = {isa = PBXBuildFile; fileRef = ECCFC861220308DE00606A36 /* LaunchScreen.storyboard */; };
		ECCFC86D2203124900606A36 /* TVC.swift in Sources */ = {isa = PBXBuildFile; fileRef = ECCFC86C2203124900606A36 /* TVC.swift */; };
		ECCFC8742203263D00606A36 /* ListCVC.swift in Sources */ = {isa = PBXBuildFile; fileRef = ECCFC8722203263D00606A36 /* ListCVC.swift */; };
		ECCFC8752203263D00606A36 /* ListCVC.xib in Resources */ = {isa = PBXBuildFile; fileRef = ECCFC8732203263D00606A36 /* ListCVC.xib */; };
		ECD4B7AD2204429A00A777D9 /* ViewController.swift in Sources */ = {isa = PBXBuildFile; fileRef = ECCFC85A220308DE00606A36 /* ViewController.swift */; };
/* End PBXBuildFile section */

/* Begin PBXFileReference section */
		ECCFC855220308DE00606A36 /* Expandable table view.app */ = {isa = PBXFileReference; explicitFileType = wrapper.application; includeInIndex = 0; path = "Expandable table view.app"; sourceTree = BUILT_PRODUCTS_DIR; };
		ECCFC858220308DE00606A36 /* AppDelegate.swift */ = {isa = PBXFileReference; lastKnownFileType = sourcecode.swift; path = AppDelegate.swift; sourceTree = "<group>"; };
		ECCFC85A220308DE00606A36 /* ViewController.swift */ = {isa = PBXFileReference; lastKnownFileType = sourcecode.swift; path = ViewController.swift; sourceTree = "<group>"; };
		ECCFC85D220308DE00606A36 /* Base */ = {isa = PBXFileReference; lastKnownFileType = file.storyboard; name = Base; path = Base.lproj/Main.storyboard; sourceTree = "<group>"; };
		ECCFC85F220308DE00606A36 /* Assets.xcassets */ = {isa = PBXFileReference; lastKnownFileType = folder.assetcatalog; path = Assets.xcassets; sourceTree = "<group>"; };
		ECCFC862220308DE00606A36 /* Base */ = {isa = PBXFileReference; lastKnownFileType = file.storyboard; name = Base; path = Base.lproj/LaunchScreen.storyboard; sourceTree = "<group>"; };
		ECCFC864220308DE00606A36 /* Info.plist */ = {isa = PBXFileReference; lastKnownFileType = text.plist.xml; path = Info.plist; sourceTree = "<group>"; };
		ECCFC86C2203124900606A36 /* TVC.swift */ = {isa = PBXFileReference; lastKnownFileType = sourcecode.swift; path = TVC.swift; sourceTree = "<group>"; };
		ECCFC8722203263D00606A36 /* ListCVC.swift */ = {isa = PBXFileReference; lastKnownFileType = sourcecode.swift; path = ListCVC.swift; sourceTree = "<group>"; };
		ECCFC8732203263D00606A36 /* ListCVC.xib */ = {isa = PBXFileReference; lastKnownFileType = file.xib; path = ListCVC.xib; sourceTree = "<group>"; };
/* End PBXFileReference section */

/* Begin PBXFrameworksBuildPhase section */
		ECCFC852220308DE00606A36 /* Frameworks */ = {
			isa = PBXFrameworksBuildPhase;
			buildActionMask = 2147483647;
			files = (
			);
			runOnlyForDeploymentPostprocessing = 0;
		};
/* End PBXFrameworksBuildPhase section */

/* Begin PBXGroup section */
		ECCFC84C220308DE00606A36 = {
			isa = PBXGroup;
			children = (
				ECCFC857220308DE00606A36 /* Expandable table view */,
				ECCFC856220308DE00606A36 /* Products */,
			);
			sourceTree = "<group>";
		};
		ECCFC856220308DE00606A36 /* Products */ = {
			isa = PBXGroup;
			children = (
				ECCFC855220308DE00606A36 /* Expandable table view.app */,
			);
			name = Products;
			sourceTree = "<group>";
		};
		ECCFC857220308DE00606A36 /* Expandable table view */ = {
			isa = PBXGroup;
			children = (
				ECCFC858220308DE00606A36 /* AppDelegate.swift */,
				ECCFC85A220308DE00606A36 /* ViewController.swift */,
				ECCFC85C220308DE00606A36 /* Main.storyboard */,
				ECCFC86C2203124900606A36 /* TVC.swift */,
				ECCFC8722203263D00606A36 /* ListCVC.swift */,
				ECCFC8732203263D00606A36 /* ListCVC.xib */,
				ECCFC85F220308DE00606A36 /* Assets.xcassets */,
				ECCFC861220308DE00606A36 /* LaunchScreen.storyboard */,
				ECCFC864220308DE00606A36 /* Info.plist */,
			);
			path = "Expandable table view";
			sourceTree = "<group>";
		};
/* End PBXGroup section */

/* Begin PBXNativeTarget section */
		ECCFC854220308DE00606A36 /* Expandable table view */ = {
			isa = PBXNativeTarget;
			buildConfigurationList = ECCFC867220308DE00606A36 /* Build configuration list for PBXNativeTarget "Expandable table view" */;
			buildPhases = (
				ECCFC851220308DE00606A36 /* Sources */,
				ECCFC852220308DE00606A36 /* Frameworks */,
				ECCFC853220308DE00606A36 /* Resources */,
			);
			buildRules = (
			);
			dependencies = (
			);
			name = "Expandable table view";
			productName = "Expandable table view";
			productReference = ECCFC855220308DE00606A36 /* Expandable table view.app */;
			productType = "com.apple.product-type.application";
		};
/* End PBXNativeTarget section */

/* Begin PBXProject section */
		ECCFC84D220308DE00606A36 /* Project object */ = {
			isa = PBXProject;
			attributes = {
				LastSwiftUpdateCheck = 0920;
				LastUpgradeCheck = 0920;
				ORGANIZATIONNAME = trainee;
				TargetAttributes = {
					ECCFC854220308DE00606A36 = {
						CreatedOnToolsVersion = 9.2;
						ProvisioningStyle = Automatic;
					};
				};
			};
			buildConfigurationList = ECCFC850220308DE00606A36 /* Build configuration list for PBXProject "Expandable table view" */;
			compatibilityVersion = "Xcode 8.0";
			developmentRegion = en;
			hasScannedForEncodings = 0;
			knownRegions = (
				en,
				Base,
			);
			mainGroup = ECCFC84C220308DE00606A36;
			productRefGroup = ECCFC856220308DE00606A36 /* Products */;
			projectDirPath = "";
			projectRoot = "";
			targets = (
				ECCFC854220308DE00606A36 /* Expandable table view */,
			);
		};
/* End PBXProject section */

/* Begin PBXResourcesBuildPhase section */
		ECCFC853220308DE00606A36 /* Resources */ = {
			isa = PBXResourcesBuildPhase;
			buildActionMask = 2147483647;
			files = (
				ECCFC8752203263D00606A36 /* ListCVC.xib in Resources */,
				ECCFC863220308DE00606A36 /* LaunchScreen.storyboard in Resources */,
				ECCFC860220308DE00606A36 /* Assets.xcassets in Resources */,
				ECCFC85E220308DE00606A36 /* Main.storyboard in Resources */,
			);
			runOnlyForDeploymentPostprocessing = 0;
		};
/* End PBXResourcesBuildPhase section */

/* Begin PBXSourcesBuildPhase section */
		ECCFC851220308DE00606A36 /* Sources */ = {
			isa = PBXSourcesBuildPhase;
			buildActionMask = 2147483647;
			files = (
				ECCFC8742203263D00606A36 /* ListCVC.swift in Sources */,
				ECCFC86D2203124900606A36 /* TVC.swift in Sources */,
				ECD4B7AD2204429A00A777D9 /* ViewController.swift in Sources */,
				ECCFC859220308DE00606A36 /* AppDelegate.swift in Sources */,
			);
			runOnlyForDeploymentPostprocessing = 0;
		};
/* End PBXSourcesBuildPhase section */

/* Begin PBXVariantGroup section */
		ECCFC85C220308DE00606A36 /* Main.storyboard */ = {
			isa = PBXVariantGroup;
			children = (
				ECCFC85D220308DE00606A36 /* Base */,
			);
			name = Main.storyboard;
			sourceTree = "<group>";
		};
		ECCFC861220308DE00606A36 /* LaunchScreen.storyboard */ = {
			isa = PBXVariantGroup;
			children = (
				ECCFC862220308DE00606A36 /* Base */,
			);
			name = LaunchScreen.storyboard;
			sourceTree = "<group>";
		};
/* End PBXVariantGroup section */

/* Begin XCBuildConfiguration section */
		ECCFC865220308DE00606A36 /* Debug */ = {
			isa = XCBuildConfiguration;
			buildSettings = {
				ALWAYS_SEARCH_USER_PATHS = NO;
				CLANG_ANALYZER_NONNULL = YES;
				CLANG_ANALYZER_NUMBER_OBJECT_CONVERSION = YES_AGGRESSIVE;
				CLANG_CXX_LANGUAGE_STANDARD = "gnu++14";
				CLANG_CXX_LIBRARY = "libc++";
				CLANG_ENABLE_MODULES = YES;
				CLANG_ENABLE_OBJC_ARC = YES;
				CLANG_WARN_BLOCK_CAPTURE_AUTORELEASING = YES;
				CLANG_WARN_BOOL_CONVERSION = YES;
				CLANG_WARN_COMMA = YES;
				CLANG_WARN_CONSTANT_CONVERSION = YES;
				CLANG_WARN_DIRECT_OBJC_ISA_USAGE = YES_ERROR;
				CLANG_WARN_DOCUMENTATION_COMMENTS = YES;
				CLANG_WARN_EMPTY_BODY = YES;
				CLANG_WARN_ENUM_CONVERSION = YES;
				CLANG_WARN_INFINITE_RECURSION = YES;
				CLANG_WARN_INT_CONVERSION = YES;
				CLANG_WARN_NON_LITERAL_NULL_CONVERSION = YES;
				CLANG_WARN_OBJC_LITERAL_CONVERSION = YES;
				CLANG_WARN_OBJC_ROOT_CLASS = YES_ERROR;
				CLANG_WARN_RANGE_LOOP_ANALYSIS = YES;
				CLANG_WARN_STRICT_PROTOTYPES = YES;
				CLANG_WARN_SUSPICIOUS_MOVE = YES;
				CLANG_WARN_UNGUARDED_AVAILABILITY = YES_AGGRESSIVE;
				CLANG_WARN_UNREACHABLE_CODE = YES;
				CLANG_WARN__DUPLICATE_METHOD_MATCH = YES;
				CODE_SIGN_IDENTITY = "iPhone Developer";
				COPY_PHASE_STRIP = NO;
				DEBUG_INFORMATION_FORMAT = dwarf;
				ENABLE_STRICT_OBJC_MSGSEND = YES;
				ENABLE_TESTABILITY = YES;
				GCC_C_LANGUAGE_STANDARD = gnu11;
				GCC_DYNAMIC_NO_PIC = NO;
				GCC_NO_COMMON_BLOCKS = YES;
				GCC_OPTIMIZATION_LEVEL = 0;
				GCC_PREPROCESSOR_DEFINITIONS = (
					"DEBUG=1",
					"$(inherited)",
				);
				GCC_WARN_64_TO_32_BIT_CONVERSION = YES;
				GCC_WARN_ABOUT_RETURN_TYPE = YES_ERROR;
				GCC_WARN_UNDECLARED_SELECTOR = YES;
				GCC_WARN_UNINITIALIZED_AUTOS = YES_AGGRESSIVE;
				GCC_WARN_UNUSED_FUNCTION = YES;
				GCC_WARN_UNUSED_VARIABLE = YES;
				IPHONEOS_DEPLOYMENT_TARGET = 11.2;
				MTL_ENABLE_DEBUG_INFO = YES;
				ONLY_ACTIVE_ARCH = YES;
				SDKROOT = iphoneos;
				SWIFT_ACTIVE_COMPILATION_CONDITIONS = DEBUG;
				SWIFT_OPTIMIZATION_LEVEL = "-Onone";
			};
			name = Debug;
		};
		ECCFC866220308DE00606A36 /* Release */ = {
			isa = XCBuildConfiguration;
			buildSettings = {
				ALWAYS_SEARCH_USER_PATHS = NO;
				CLANG_ANALYZER_NONNULL = YES;
				CLANG_ANALYZER_NUMBER_OBJECT_CONVERSION = YES_AGGRESSIVE;
				CLANG_CXX_LANGUAGE_STANDARD = "gnu++14";
				CLANG_CXX_LIBRARY = "libc++";
				CLANG_ENABLE_MODULES = YES;
				CLANG_ENABLE_OBJC_ARC = YES;
				CLANG_WARN_BLOCK_CAPTURE_AUTORELEASING = YES;
				CLANG_WARN_BOOL_CONVERSION = YES;
				CLANG_WARN_COMMA = YES;
				CLANG_WARN_CONSTANT_CONVERSION = YES;
				CLANG_WARN_DIRECT_OBJC_ISA_USAGE = YES_ERROR;
				CLANG_WARN_DOCUMENTATION_COMMENTS = YES;
				CLANG_WARN_EMPTY_BODY = YES;
				CLANG_WARN_ENUM_CONVERSION = YES;
				CLANG_WARN_INFINITE_RECURSION = YES;
				CLANG_WARN_INT_CONVERSION = YES;
				CLANG_WARN_NON_LITERAL_NULL_CONVERSION = YES;
				CLANG_WARN_OBJC_LITERAL_CONVERSION = YES;
				CLANG_WARN_OBJC_ROOT_CLASS = YES_ERROR;
				CLANG_WARN_RANGE_LOOP_ANALYSIS = YES;
				CLANG_WARN_STRICT_PROTOTYPES = YES;
				CLANG_WARN_SUSPICIOUS_MOVE = YES;
				CLANG_WARN_UNGUARDED_AVAILABILITY = YES_AGGRESSIVE;
				CLANG_WARN_UNREACHABLE_CODE = YES;
				CLANG_WARN__DUPLICATE_METHOD_MATCH = YES;
				CODE_SIGN_IDENTITY = "iPhone Developer";
				COPY_PHASE_STRIP = NO;
				DEBUG_INFORMATION_FORMAT = "dwarf-with-dsym";
				ENABLE_NS_ASSERTIONS = NO;
				ENABLE_STRICT_OBJC_MSGSEND = YES;
				GCC_C_LANGUAGE_STANDARD = gnu11;
				GCC_NO_COMMON_BLOCKS = YES;
				GCC_WARN_64_TO_32_BIT_CONVERSION = YES;
				GCC_WARN_ABOUT_RETURN_TYPE = YES_ERROR;
				GCC_WARN_UNDECLARED_SELECTOR = YES;
				GCC_WARN_UNINITIALIZED_AUTOS = YES_AGGRESSIVE;
				GCC_WARN_UNUSED_FUNCTION = YES;
				GCC_WARN_UNUSED_VARIABLE = YES;
				IPHONEOS_DEPLOYMENT_TARGET = 11.2;
				MTL_ENABLE_DEBUG_INFO = NO;
				SDKROOT = iphoneos;
				SWIFT_OPTIMIZATION_LEVEL = "-Owholemodule";
				VALIDATE_PRODUCT = YES;
			};
			name = Release;
		};
		ECCFC868220308DE00606A36 /* Debug */ = {
			isa = XCBuildConfiguration;
			buildSettings = {
				ASSETCATALOG_COMPILER_APPICON_NAME = AppIcon;
				CODE_SIGN_STYLE = Automatic;
				INFOPLIST_FILE = "Expandable table view/Info.plist";
				LD_RUNPATH_SEARCH_PATHS = "$(inherited) @executable_path/Frameworks";
				PRODUCT_BUNDLE_IDENTIFIER = "toxsl.Expandable-table-view";
				PRODUCT_NAME = "$(TARGET_NAME)";
				SWIFT_VERSION = 4.0;
				TARGETED_DEVICE_FAMILY = "1,2";
			};
			name = Debug;
		};
		ECCFC869220308DE00606A36 /* Release */ = {
			isa = XCBuildConfiguration;
			buildSettings = {
				ASSETCATALOG_COMPILER_APPICON_NAME = AppIcon;
				CODE_SIGN_STYLE = Automatic;
				INFOPLIST_FILE = "Expandable table view/Info.plist";
				LD_RUNPATH_SEARCH_PATHS = "$(inherited) @executable_path/Frameworks";
				PRODUCT_BUNDLE_IDENTIFIER = "toxsl.Expandable-table-view";
				PRODUCT_NAME = "$(TARGET_NAME)";
				SWIFT_VERSION = 4.0;
				TARGETED_DEVICE_FAMILY = "1,2";
			};
			name = Release;
		};
/* End XCBuildConfiguration section */

/* Begin XCConfigurationList section */
		ECCFC850220308DE00606A36 /* Build configuration list for PBXProject "Expandable table view" */ = {
			isa = XCConfigurationList;
			buildConfigurations = (
				ECCFC865220308DE00606A36 /* Debug */,
				ECCFC866220308DE00606A36 /* Release */,
			);
			defaultConfigurationIsVisible = 0;
			defaultConfigurationName = Release;
		};
		ECCFC867220308DE00606A36 /* Build configuration list for PBXNativeTarget "Expandable table view" */ = {
			isa = XCConfigurationList;
			buildConfigurations = (
				ECCFC868220308DE00606A36 /* Debug */,
				ECCFC869220308DE00606A36 /* Release */,
			);
			defaultConfigurationIsVisible = 0;
			defaultConfigurationName = Release;
		};
/* End XCConfigurationList section */
	};
	rootObject = ECCFC84D220308DE00606A36 /* Project object */;
}
