// !$*UTF8*$!
{
	archiveVersion = 1;
	classes = {
	};
	objectVersion = 48;
	objects = {

/* Begin PBXBuildFile section */
		ECBFC43221E882760059339D /* AppDelegate.swift in Sources */ = {isa = PBXBuildFile; fileRef = ECBFC43121E882760059339D /* AppDelegate.swift */; };
		ECBFC43421E882760059339D /* ViewController.swift in Sources */ = {isa = PBXBuildFile; fileRef = ECBFC43321E882760059339D /* ViewController.swift */; };
		ECBFC43721E882760059339D /* Main.storyboard in Resources */ = {isa = PBXBuildFile; fileRef = ECBFC43521E882760059339D /* Main.storyboard */; };
		ECBFC43921E882760059339D /* Assets.xcassets in Resources */ = {isa = PBXBuildFile; fileRef = ECBFC43821E882760059339D /* Assets.xcassets */; };
		ECBFC43C21E882760059339D /* LaunchScreen.storyboard in Resources */ = {isa = PBXBuildFile; fileRef = ECBFC43A21E882760059339D /* LaunchScreen.storyboard */; };
		ECBFC44621E896270059339D /* Date Picker.swift in Sources */ = {isa = PBXBuildFile; fileRef = ECBFC44521E896270059339D /* Date Picker.swift */; };
/* End PBXBuildFile section */

/* Begin PBXFileReference section */
		ECBFC42E21E882760059339D /* Date Picker View.app */ = {isa = PBXFileReference; explicitFileType = wrapper.application; includeInIndex = 0; path = "Date Picker View.app"; sourceTree = BUILT_PRODUCTS_DIR; };
		ECBFC43121E882760059339D /* AppDelegate.swift */ = {isa = PBXFileReference; lastKnownFileType = sourcecode.swift; path = AppDelegate.swift; sourceTree = "<group>"; };
		ECBFC43321E882760059339D /* ViewController.swift */ = {isa = PBXFileReference; lastKnownFileType = sourcecode.swift; path = ViewController.swift; sourceTree = "<group>"; };
		ECBFC43621E882760059339D /* Base */ = {isa = PBXFileReference; lastKnownFileType = file.storyboard; name = Base; path = Base.lproj/Main.storyboard; sourceTree = "<group>"; };
		ECBFC43821E882760059339D /* Assets.xcassets */ = {isa = PBXFileReference; lastKnownFileType = folder.assetcatalog; path = Assets.xcassets; sourceTree = "<group>"; };
		ECBFC43B21E882760059339D /* Base */ = {isa = PBXFileReference; lastKnownFileType = file.storyboard; name = Base; path = Base.lproj/LaunchScreen.storyboard; sourceTree = "<group>"; };
		ECBFC43D21E882760059339D /* Info.plist */ = {isa = PBXFileReference; lastKnownFileType = text.plist.xml; path = Info.plist; sourceTree = "<group>"; };
		ECBFC44521E896270059339D /* Date Picker.swift */ = {isa = PBXFileReference; lastKnownFileType = sourcecode.swift; path = "Date Picker.swift"; sourceTree = "<group>"; };
/* End PBXFileReference section */

/* Begin PBXFrameworksBuildPhase section */
		ECBFC42B21E882760059339D /* Frameworks */ = {
			isa = PBXFrameworksBuildPhase;
			buildActionMask = 2147483647;
			files = (
			);
			runOnlyForDeploymentPostprocessing = 0;
		};
/* End PBXFrameworksBuildPhase section */

/* Begin PBXGroup section */
		ECBFC42521E882750059339D = {
			isa = PBXGroup;
			children = (
				ECBFC43021E882760059339D /* Date Picker View */,
				ECBFC42F21E882760059339D /* Products */,
			);
			sourceTree = "<group>";
		};
		ECBFC42F21E882760059339D /* Products */ = {
			isa = PBXGroup;
			children = (
				ECBFC42E21E882760059339D /* Date Picker View.app */,
			);
			name = Products;
			sourceTree = "<group>";
		};
		ECBFC43021E882760059339D /* Date Picker View */ = {
			isa = PBXGroup;
			children = (
				ECBFC43121E882760059339D /* AppDelegate.swift */,
				ECBFC43321E882760059339D /* ViewController.swift */,
				ECBFC43521E882760059339D /* Main.storyboard */,
				ECBFC44521E896270059339D /* Date Picker.swift */,
				ECBFC43821E882760059339D /* Assets.xcassets */,
				ECBFC43A21E882760059339D /* LaunchScreen.storyboard */,
				ECBFC43D21E882760059339D /* Info.plist */,
			);
			path = "Date Picker View";
			sourceTree = "<group>";
		};
/* End PBXGroup section */

/* Begin PBXNativeTarget section */
		ECBFC42D21E882760059339D /* Date Picker View */ = {
			isa = PBXNativeTarget;
			buildConfigurationList = ECBFC44021E882760059339D /* Build configuration list for PBXNativeTarget "Date Picker View" */;
			buildPhases = (
				ECBFC42A21E882760059339D /* Sources */,
				ECBFC42B21E882760059339D /* Frameworks */,
				ECBFC42C21E882760059339D /* Resources */,
			);
			buildRules = (
			);
			dependencies = (
			);
			name = "Date Picker View";
			productName = "Date Picker View";
			productReference = ECBFC42E21E882760059339D /* Date Picker View.app */;
			productType = "com.apple.product-type.application";
		};
/* End PBXNativeTarget section */

/* Begin PBXProject section */
		ECBFC42621E882750059339D /* Project object */ = {
			isa = PBXProject;
			attributes = {
				LastSwiftUpdateCheck = 0920;
				LastUpgradeCheck = 0920;
				ORGANIZATIONNAME = trainee;
				TargetAttributes = {
					ECBFC42D21E882760059339D = {
						CreatedOnToolsVersion = 9.2;
						ProvisioningStyle = Automatic;
					};
				};
			};
			buildConfigurationList = ECBFC42921E882750059339D /* Build configuration list for PBXProject "Date Picker View" */;
			compatibilityVersion = "Xcode 8.0";
			developmentRegion = en;
			hasScannedForEncodings = 0;
			knownRegions = (
				en,
				Base,
			);
			mainGroup = ECBFC42521E882750059339D;
			productRefGroup = ECBFC42F21E882760059339D /* Products */;
			projectDirPath = "";
			projectRoot = "";
			targets = (
				ECBFC42D21E882760059339D /* Date Picker View */,
			);
		};
/* End PBXProject section */

/* Begin PBXResourcesBuildPhase section */
		ECBFC42C21E882760059339D /* Resources */ = {
			isa = PBXResourcesBuildPhase;
			buildActionMask = 2147483647;
			files = (
				ECBFC43C21E882760059339D /* LaunchScreen.storyboard in Resources */,
				ECBFC43921E882760059339D /* Assets.xcassets in Resources */,
				ECBFC43721E882760059339D /* Main.storyboard in Resources */,
			);
			runOnlyForDeploymentPostprocessing = 0;
		};
/* End PBXResourcesBuildPhase section */

/* Begin PBXSourcesBuildPhase section */
		ECBFC42A21E882760059339D /* Sources */ = {
			isa = PBXSourcesBuildPhase;
			buildActionMask = 2147483647;
			files = (
				ECBFC44621E896270059339D /* Date Picker.swift in Sources */,
				ECBFC43421E882760059339D /* ViewController.swift in Sources */,
				ECBFC43221E882760059339D /* AppDelegate.swift in Sources */,
			);
			runOnlyForDeploymentPostprocessing = 0;
		};
/* End PBXSourcesBuildPhase section */

/* Begin PBXVariantGroup section */
		ECBFC43521E882760059339D /* Main.storyboard */ = {
			isa = PBXVariantGroup;
			children = (
				ECBFC43621E882760059339D /* Base */,
			);
			name = Main.storyboard;
			sourceTree = "<group>";
		};
		ECBFC43A21E882760059339D /* LaunchScreen.storyboard */ = {
			isa = PBXVariantGroup;
			children = (
				ECBFC43B21E882760059339D /* Base */,
			);
			name = LaunchScreen.storyboard;
			sourceTree = "<group>";
		};
/* End PBXVariantGroup section */

/* Begin XCBuildConfiguration section */
		ECBFC43E21E882760059339D /* Debug */ = {
			isa = XCBuildConfiguration;
			buildSettings = {
				ALWAYS_SEARCH_USER_PATHS = NO;
				CLANG_ANALYZER_NONNULL = YES;
				CLANG_ANALYZER_NUMBER_OBJECT_CONVERSION = YES_AGGRESSIVE;
				CLANG_CXX_LANGUAGE_STANDARD = "gnu++14";
				CLANG_CXX_LIBRARY = "libc++";
				CLANG_ENABLE_MODULES = YES;
				CLANG_ENABLE_OBJC_ARC = YES;
				CLANG_WARN_BLOCK_CAPTURE_AUTORELEASING = YES;
				CLANG_WARN_BOOL_CONVERSION = YES;
				CLANG_WARN_COMMA = YES;
				CLANG_WARN_CONSTANT_CONVERSION = YES;
				CLANG_WARN_DIRECT_OBJC_ISA_USAGE = YES_ERROR;
				CLANG_WARN_DOCUMENTATION_COMMENTS = YES;
				CLANG_WARN_EMPTY_BODY = YES;
				CLANG_WARN_ENUM_CONVERSION = YES;
				CLANG_WARN_INFINITE_RECURSION = YES;
				CLANG_WARN_INT_CONVERSION = YES;
				CLANG_WARN_NON_LITERAL_NULL_CONVERSION = YES;
				CLANG_WARN_OBJC_LITERAL_CONVERSION = YES;
				CLANG_WARN_OBJC_ROOT_CLASS = YES_ERROR;
				CLANG_WARN_RANGE_LOOP_ANALYSIS = YES;
				CLANG_WARN_STRICT_PROTOTYPES = YES;
				CLANG_WARN_SUSPICIOUS_MOVE = YES;
				CLANG_WARN_UNGUARDED_AVAILABILITY = YES_AGGRESSIVE;
				CLANG_WARN_UNREACHABLE_CODE = YES;
				CLANG_WARN__DUPLICATE_METHOD_MATCH = YES;
				CODE_SIGN_IDENTITY = "iPhone Developer";
				COPY_PHASE_STRIP = NO;
				DEBUG_INFORMATION_FORMAT = dwarf;
				ENABLE_STRICT_OBJC_MSGSEND = YES;
				ENABLE_TESTABILITY = YES;
				GCC_C_LANGUAGE_STANDARD = gnu11;
				GCC_DYNAMIC_NO_PIC = NO;
				GCC_NO_COMMON_BLOCKS = YES;
				GCC_OPTIMIZATION_LEVEL = 0;
				GCC_PREPROCESSOR_DEFINITIONS = (
					"DEBUG=1",
					"$(inherited)",
				);
				GCC_WARN_64_TO_32_BIT_CONVERSION = YES;
				GCC_WARN_ABOUT_RETURN_TYPE = YES_ERROR;
				GCC_WARN_UNDECLARED_SELECTOR = YES;
				GCC_WARN_UNINITIALIZED_AUTOS = YES_AGGRESSIVE;
				GCC_WARN_UNUSED_FUNCTION = YES;
				GCC_WARN_UNUSED_VARIABLE = YES;
				IPHONEOS_DEPLOYMENT_TARGET = 11.2;
				MTL_ENABLE_DEBUG_INFO = YES;
				ONLY_ACTIVE_ARCH = YES;
				SDKROOT = iphoneos;
				SWIFT_ACTIVE_COMPILATION_CONDITIONS = DEBUG;
				SWIFT_OPTIMIZATION_LEVEL = "-Onone";
			};
			name = Debug;
		};
		ECBFC43F21E882760059339D /* Release */ = {
			isa = XCBuildConfiguration;
			buildSettings = {
				ALWAYS_SEARCH_USER_PATHS = NO;
				CLANG_ANALYZER_NONNULL = YES;
				CLANG_ANALYZER_NUMBER_OBJECT_CONVERSION = YES_AGGRESSIVE;
				CLANG_CXX_LANGUAGE_STANDARD = "gnu++14";
				CLANG_CXX_LIBRARY = "libc++";
				CLANG_ENABLE_MODULES = YES;
				CLANG_ENABLE_OBJC_ARC = YES;
				CLANG_WARN_BLOCK_CAPTURE_AUTORELEASING = YES;
				CLANG_WARN_BOOL_CONVERSION = YES;
				CLANG_WARN_COMMA = YES;
				CLANG_WARN_CONSTANT_CONVERSION = YES;
				CLANG_WARN_DIRECT_OBJC_ISA_USAGE = YES_ERROR;
				CLANG_WARN_DOCUMENTATION_COMMENTS = YES;
				CLANG_WARN_EMPTY_BODY = YES;
				CLANG_WARN_ENUM_CONVERSION = YES;
				CLANG_WARN_INFINITE_RECURSION = YES;
				CLANG_WARN_INT_CONVERSION = YES;
				CLANG_WARN_NON_LITERAL_NULL_CONVERSION = YES;
				CLANG_WARN_OBJC_LITERAL_CONVERSION = YES;
				CLANG_WARN_OBJC_ROOT_CLASS = YES_ERROR;
				CLANG_WARN_RANGE_LOOP_ANALYSIS = YES;
				CLANG_WARN_STRICT_PROTOTYPES = YES;
				CLANG_WARN_SUSPICIOUS_MOVE = YES;
				CLANG_WARN_UNGUARDED_AVAILABILITY = YES_AGGRESSIVE;
				CLANG_WARN_UNREACHABLE_CODE = YES;
				CLANG_WARN__DUPLICATE_METHOD_MATCH = YES;
				CODE_SIGN_IDENTITY = "iPhone Developer";
				COPY_PHASE_STRIP = NO;
				DEBUG_INFORMATION_FORMAT = "dwarf-with-dsym";
				ENABLE_NS_ASSERTIONS = NO;
				ENABLE_STRICT_OBJC_MSGSEND = YES;
				GCC_C_LANGUAGE_STANDARD = gnu11;
				GCC_NO_COMMON_BLOCKS = YES;
				GCC_WARN_64_TO_32_BIT_CONVERSION = YES;
				GCC_WARN_ABOUT_RETURN_TYPE = YES_ERROR;
				GCC_WARN_UNDECLARED_SELECTOR = YES;
				GCC_WARN_UNINITIALIZED_AUTOS = YES_AGGRESSIVE;
				GCC_WARN_UNUSED_FUNCTION = YES;
				GCC_WARN_UNUSED_VARIABLE = YES;
				IPHONEOS_DEPLOYMENT_TARGET = 11.2;
				MTL_ENABLE_DEBUG_INFO = NO;
				SDKROOT = iphoneos;
				SWIFT_OPTIMIZATION_LEVEL = "-Owholemodule";
				VALIDATE_PRODUCT = YES;
			};
			name = Release;
		};
		ECBFC44121E882760059339D /* Debug */ = {
			isa = XCBuildConfiguration;
			buildSettings = {
				ASSETCATALOG_COMPILER_APPICON_NAME = AppIcon;
				CODE_SIGN_STYLE = Automatic;
				INFOPLIST_FILE = "Date Picker View/Info.plist";
				LD_RUNPATH_SEARCH_PATHS = "$(inherited) @executable_path/Frameworks";
				PRODUCT_BUNDLE_IDENTIFIER = "toxsl.Date-Picker-View";
				PRODUCT_NAME = "$(TARGET_NAME)";
				SWIFT_VERSION = 4.0;
				TARGETED_DEVICE_FAMILY = "1,2";
			};
			name = Debug;
		};
		ECBFC44221E882760059339D /* Release */ = {
			isa = XCBuildConfiguration;
			buildSettings = {
				ASSETCATALOG_COMPILER_APPICON_NAME = AppIcon;
				CODE_SIGN_STYLE = Automatic;
				INFOPLIST_FILE = "Date Picker View/Info.plist";
				LD_RUNPATH_SEARCH_PATHS = "$(inherited) @executable_path/Frameworks";
				PRODUCT_BUNDLE_IDENTIFIER = "toxsl.Date-Picker-View";
				PRODUCT_NAME = "$(TARGET_NAME)";
				SWIFT_VERSION = 4.0;
				TARGETED_DEVICE_FAMILY = "1,2";
			};
			name = Release;
		};
/* End XCBuildConfiguration section */

/* Begin XCConfigurationList section */
		ECBFC42921E882750059339D /* Build configuration list for PBXProject "Date Picker View" */ = {
			isa = XCConfigurationList;
			buildConfigurations = (
				ECBFC43E21E882760059339D /* Debug */,
				ECBFC43F21E882760059339D /* Release */,
			);
			defaultConfigurationIsVisible = 0;
			defaultConfigurationName = Release;
		};
		ECBFC44021E882760059339D /* Build configuration list for PBXNativeTarget "Date Picker View" */ = {
			isa = XCConfigurationList;
			buildConfigurations = (
				ECBFC44121E882760059339D /* Debug */,
				ECBFC44221E882760059339D /* Release */,
			);
			defaultConfigurationIsVisible = 0;
			defaultConfigurationName = Release;
		};
/* End XCConfigurationList section */
	};
	rootObject = ECBFC42621E882750059339D /* Project object */;
}
