// !$*UTF8*$!
{
	archiveVersion = 1;
	classes = {
	};
	objectVersion = 50;
	objects = {

/* Begin PBXBuildFile section */
		610E8718B466FC1440C597CA /* Pods_DatePickerView.framework in Frameworks */ = {isa = PBXBuildFile; fileRef = ECD664FBFC23B2DAC3C35C64 /* Pods_DatePickerView.framework */; };
		EC7380E5219BEEB300ECEBE6 /* ViewController2.swift in Sources */ = {isa = PBXBuildFile; fileRef = EC7380E4219BEEB300ECEBE6 /* ViewController2.swift */; };
		EC7386C0218C5123009B4552 /* AppDelegate.swift in Sources */ = {isa = PBXBuildFile; fileRef = EC7386BF218C5123009B4552 /* AppDelegate.swift */; };
		EC7386C2218C5123009B4552 /* ViewController.swift in Sources */ = {isa = PBXBuildFile; fileRef = EC7386C1218C5123009B4552 /* ViewController.swift */; };
		EC7386C5218C5123009B4552 /* Main.storyboard in Resources */ = {isa = PBXBuildFile; fileRef = EC7386C3218C5123009B4552 /* Main.storyboard */; };
		EC7386C7218C5125009B4552 /* Assets.xcassets in Resources */ = {isa = PBXBuildFile; fileRef = EC7386C6218C5125009B4552 /* Assets.xcassets */; };
		EC7386CA218C5125009B4552 /* LaunchScreen.storyboard in Resources */ = {isa = PBXBuildFile; fileRef = EC7386C8218C5125009B4552 /* LaunchScreen.storyboard */; };
/* End PBXBuildFile section */

/* Begin PBXFileReference section */
		0D2656B55C4E73858EF527A0 /* Pods-DatePickerView.debug.xcconfig */ = {isa = PBXFileReference; includeInIndex = 1; lastKnownFileType = text.xcconfig; name = "Pods-DatePickerView.debug.xcconfig"; path = "Pods/Target Support Files/Pods-DatePickerView/Pods-DatePickerView.debug.xcconfig"; sourceTree = "<group>"; };
		23C412BF7544D9232A3E2395 /* Pods-DatePickerView.release.xcconfig */ = {isa = PBXFileReference; includeInIndex = 1; lastKnownFileType = text.xcconfig; name = "Pods-DatePickerView.release.xcconfig"; path = "Pods/Target Support Files/Pods-DatePickerView/Pods-DatePickerView.release.xcconfig"; sourceTree = "<group>"; };
		EC7380E4219BEEB300ECEBE6 /* ViewController2.swift */ = {isa = PBXFileReference; lastKnownFileType = sourcecode.swift; path = ViewController2.swift; sourceTree = "<group>"; };
		EC7386BC218C5123009B4552 /* DatePickerView.app */ = {isa = PBXFileReference; explicitFileType = wrapper.application; includeInIndex = 0; path = DatePickerView.app; sourceTree = BUILT_PRODUCTS_DIR; };
		EC7386BF218C5123009B4552 /* AppDelegate.swift */ = {isa = PBXFileReference; lastKnownFileType = sourcecode.swift; path = AppDelegate.swift; sourceTree = "<group>"; };
		EC7386C1218C5123009B4552 /* ViewController.swift */ = {isa = PBXFileReference; lastKnownFileType = sourcecode.swift; path = ViewController.swift; sourceTree = "<group>"; };
		EC7386C4218C5123009B4552 /* Base */ = {isa = PBXFileReference; lastKnownFileType = file.storyboard; name = Base; path = Base.lproj/Main.storyboard; sourceTree = "<group>"; };
		EC7386C6218C5125009B4552 /* Assets.xcassets */ = {isa = PBXFileReference; lastKnownFileType = folder.assetcatalog; path = Assets.xcassets; sourceTree = "<group>"; };
		EC7386C9218C5125009B4552 /* Base */ = {isa = PBXFileReference; lastKnownFileType = file.storyboard; name = Base; path = Base.lproj/LaunchScreen.storyboard; sourceTree = "<group>"; };
		EC7386CB218C5125009B4552 /* Info.plist */ = {isa = PBXFileReference; lastKnownFileType = text.plist.xml; path = Info.plist; sourceTree = "<group>"; };
		ECD664FBFC23B2DAC3C35C64 /* Pods_DatePickerView.framework */ = {isa = PBXFileReference; explicitFileType = wrapper.framework; includeInIndex = 0; path = Pods_DatePickerView.framework; sourceTree = BUILT_PRODUCTS_DIR; };
/* End PBXFileReference section */

/* Begin PBXFrameworksBuildPhase section */
		EC7386B9218C5123009B4552 /* Frameworks */ = {
			isa = PBXFrameworksBuildPhase;
			buildActionMask = 2147483647;
			files = (
				610E8718B466FC1440C597CA /* Pods_DatePickerView.framework in Frameworks */,
			);
			runOnlyForDeploymentPostprocessing = 0;
		};
/* End PBXFrameworksBuildPhase section */

/* Begin PBXGroup section */
		456679A92761AAC48CA15ED1 /* Pods */ = {
			isa = PBXGroup;
			children = (
				0D2656B55C4E73858EF527A0 /* Pods-DatePickerView.debug.xcconfig */,
				23C412BF7544D9232A3E2395 /* Pods-DatePickerView.release.xcconfig */,
			);
			name = Pods;
			sourceTree = "<group>";
		};
		5530DB08B6A883B35230E743 /* Frameworks */ = {
			isa = PBXGroup;
			children = (
				ECD664FBFC23B2DAC3C35C64 /* Pods_DatePickerView.framework */,
			);
			name = Frameworks;
			sourceTree = "<group>";
		};
		EC7386B3218C5123009B4552 = {
			isa = PBXGroup;
			children = (
				EC7386BE218C5123009B4552 /* DatePickerView */,
				EC7386BD218C5123009B4552 /* Products */,
				456679A92761AAC48CA15ED1 /* Pods */,
				5530DB08B6A883B35230E743 /* Frameworks */,
			);
			sourceTree = "<group>";
		};
		EC7386BD218C5123009B4552 /* Products */ = {
			isa = PBXGroup;
			children = (
				EC7386BC218C5123009B4552 /* DatePickerView.app */,
			);
			name = Products;
			sourceTree = "<group>";
		};
		EC7386BE218C5123009B4552 /* DatePickerView */ = {
			isa = PBXGroup;
			children = (
				EC7386BF218C5123009B4552 /* AppDelegate.swift */,
				EC7386C1218C5123009B4552 /* ViewController.swift */,
				EC7386C3218C5123009B4552 /* Main.storyboard */,
				EC7386C6218C5125009B4552 /* Assets.xcassets */,
				EC7386C8218C5125009B4552 /* LaunchScreen.storyboard */,
				EC7386CB218C5125009B4552 /* Info.plist */,
				EC7380E4219BEEB300ECEBE6 /* ViewController2.swift */,
			);
			path = DatePickerView;
			sourceTree = "<group>";
		};
/* End PBXGroup section */

/* Begin PBXNativeTarget section */
		EC7386BB218C5123009B4552 /* DatePickerView */ = {
			isa = PBXNativeTarget;
			buildConfigurationList = EC7386CE218C5125009B4552 /* Build configuration list for PBXNativeTarget "DatePickerView" */;
			buildPhases = (
				24D763C12CE268C7E0A03A09 /* [CP] Check Pods Manifest.lock */,
				EC7386B8218C5123009B4552 /* Sources */,
				EC7386B9218C5123009B4552 /* Frameworks */,
				EC7386BA218C5123009B4552 /* Resources */,
				ACB42819E3B20D7ACAF72B3F /* [CP] Embed Pods Frameworks */,
			);
			buildRules = (
			);
			dependencies = (
			);
			name = DatePickerView;
			productName = DatePickerView;
			productReference = EC7386BC218C5123009B4552 /* DatePickerView.app */;
			productType = "com.apple.product-type.application";
		};
/* End PBXNativeTarget section */

/* Begin PBXProject section */
		EC7386B4218C5123009B4552 /* Project object */ = {
			isa = PBXProject;
			attributes = {
				LastSwiftUpdateCheck = 1000;
				LastUpgradeCheck = 1000;
				ORGANIZATIONNAME = trainee;
				TargetAttributes = {
					EC7386BB218C5123009B4552 = {
						CreatedOnToolsVersion = 10.0;
					};
				};
			};
			buildConfigurationList = EC7386B7218C5123009B4552 /* Build configuration list for PBXProject "DatePickerView" */;
			compatibilityVersion = "Xcode 9.3";
			developmentRegion = en;
			hasScannedForEncodings = 0;
			knownRegions = (
				en,
				Base,
			);
			mainGroup = EC7386B3218C5123009B4552;
			productRefGroup = EC7386BD218C5123009B4552 /* Products */;
			projectDirPath = "";
			projectRoot = "";
			targets = (
				EC7386BB218C5123009B4552 /* DatePickerView */,
			);
		};
/* End PBXProject section */

/* Begin PBXResourcesBuildPhase section */
		EC7386BA218C5123009B4552 /* Resources */ = {
			isa = PBXResourcesBuildPhase;
			buildActionMask = 2147483647;
			files = (
				EC7386CA218C5125009B4552 /* LaunchScreen.storyboard in Resources */,
				EC7386C7218C5125009B4552 /* Assets.xcassets in Resources */,
				EC7386C5218C5123009B4552 /* Main.storyboard in Resources */,
			);
			runOnlyForDeploymentPostprocessing = 0;
		};
/* End PBXResourcesBuildPhase section */

/* Begin PBXShellScriptBuildPhase section */
		24D763C12CE268C7E0A03A09 /* [CP] Check Pods Manifest.lock */ = {
			isa = PBXShellScriptBuildPhase;
			buildActionMask = 2147483647;
			files = (
			);
			inputFileListPaths = (
			);
			inputPaths = (
				"${PODS_PODFILE_DIR_PATH}/Podfile.lock",
				"${PODS_ROOT}/Manifest.lock",
			);
			name = "[CP] Check Pods Manifest.lock";
			outputFileListPaths = (
			);
			outputPaths = (
				"$(DERIVED_FILE_DIR)/Pods-DatePickerView-checkManifestLockResult.txt",
			);
			runOnlyForDeploymentPostprocessing = 0;
			shellPath = /bin/sh;
			shellScript = "diff \"${PODS_PODFILE_DIR_PATH}/Podfile.lock\" \"${PODS_ROOT}/Manifest.lock\" > /dev/null\nif [ $? != 0 ] ; then\n    # print error to STDERR\n    echo \"error: The sandbox is not in sync with the Podfile.lock. Run 'pod install' or update your CocoaPods installation.\" >&2\n    exit 1\nfi\n# This output is used by Xcode 'outputs' to avoid re-running this script phase.\necho \"SUCCESS\" > \"${SCRIPT_OUTPUT_FILE_0}\"\n";
			showEnvVarsInLog = 0;
		};
		ACB42819E3B20D7ACAF72B3F /* [CP] Embed Pods Frameworks */ = {
			isa = PBXShellScriptBuildPhase;
			buildActionMask = 2147483647;
			files = (
			);
			inputFileListPaths = (
			);
			inputPaths = (
				"${SRCROOT}/Pods/Target Support Files/Pods-DatePickerView/Pods-DatePickerView-frameworks.sh",
				"${BUILT_PRODUCTS_DIR}/ADDatePicker/ADDatePicker.framework",
			);
			name = "[CP] Embed Pods Frameworks";
			outputFileListPaths = (
			);
			outputPaths = (
				"${TARGET_BUILD_DIR}/${FRAMEWORKS_FOLDER_PATH}/ADDatePicker.framework",
			);
			runOnlyForDeploymentPostprocessing = 0;
			shellPath = /bin/sh;
			shellScript = "\"${SRCROOT}/Pods/Target Support Files/Pods-DatePickerView/Pods-DatePickerView-frameworks.sh\"\n";
			showEnvVarsInLog = 0;
		};
/* End PBXShellScriptBuildPhase section */

/* Begin PBXSourcesBuildPhase section */
		EC7386B8218C5123009B4552 /* Sources */ = {
			isa = PBXSourcesBuildPhase;
			buildActionMask = 2147483647;
			files = (
				EC7386C2218C5123009B4552 /* ViewController.swift in Sources */,
				EC7386C0218C5123009B4552 /* AppDelegate.swift in Sources */,
				EC7380E5219BEEB300ECEBE6 /* ViewController2.swift in Sources */,
			);
			runOnlyForDeploymentPostprocessing = 0;
		};
/* End PBXSourcesBuildPhase section */

/* Begin PBXVariantGroup section */
		EC7386C3218C5123009B4552 /* Main.storyboard */ = {
			isa = PBXVariantGroup;
			children = (
				EC7386C4218C5123009B4552 /* Base */,
			);
			name = Main.storyboard;
			sourceTree = "<group>";
		};
		EC7386C8218C5125009B4552 /* LaunchScreen.storyboard */ = {
			isa = PBXVariantGroup;
			children = (
				EC7386C9218C5125009B4552 /* Base */,
			);
			name = LaunchScreen.storyboard;
			sourceTree = "<group>";
		};
/* End PBXVariantGroup section */

/* Begin XCBuildConfiguration section */
		EC7386CC218C5125009B4552 /* Debug */ = {
			isa = XCBuildConfiguration;
			buildSettings = {
				ALWAYS_SEARCH_USER_PATHS = NO;
				CLANG_ANALYZER_NONNULL = YES;
				CLANG_ANALYZER_NUMBER_OBJECT_CONVERSION = YES_AGGRESSIVE;
				CLANG_CXX_LANGUAGE_STANDARD = "gnu++14";
				CLANG_CXX_LIBRARY = "libc++";
				CLANG_ENABLE_MODULES = YES;
				CLANG_ENABLE_OBJC_ARC = YES;
				CLANG_ENABLE_OBJC_WEAK = YES;
				CLANG_WARN_BLOCK_CAPTURE_AUTORELEASING = YES;
				CLANG_WARN_BOOL_CONVERSION = YES;
				CLANG_WARN_COMMA = YES;
				CLANG_WARN_CONSTANT_CONVERSION = YES;
				CLANG_WARN_DEPRECATED_OBJC_IMPLEMENTATIONS = YES;
				CLANG_WARN_DIRECT_OBJC_ISA_USAGE = YES_ERROR;
				CLANG_WARN_DOCUMENTATION_COMMENTS = YES;
				CLANG_WARN_EMPTY_BODY = YES;
				CLANG_WARN_ENUM_CONVERSION = YES;
				CLANG_WARN_INFINITE_RECURSION = YES;
				CLANG_WARN_INT_CONVERSION = YES;
				CLANG_WARN_NON_LITERAL_NULL_CONVERSION = YES;
				CLANG_WARN_OBJC_IMPLICIT_RETAIN_SELF = YES;
				CLANG_WARN_OBJC_LITERAL_CONVERSION = YES;
				CLANG_WARN_OBJC_ROOT_CLASS = YES_ERROR;
				CLANG_WARN_RANGE_LOOP_ANALYSIS = YES;
				CLANG_WARN_STRICT_PROTOTYPES = YES;
				CLANG_WARN_SUSPICIOUS_MOVE = YES;
				CLANG_WARN_UNGUARDED_AVAILABILITY = YES_AGGRESSIVE;
				CLANG_WARN_UNREACHABLE_CODE = YES;
				CLANG_WARN__DUPLICATE_METHOD_MATCH = YES;
				CODE_SIGN_IDENTITY = "iPhone Developer";
				COPY_PHASE_STRIP = NO;
				DEBUG_INFORMATION_FORMAT = dwarf;
				ENABLE_STRICT_OBJC_MSGSEND = YES;
				ENABLE_TESTABILITY = YES;
				GCC_C_LANGUAGE_STANDARD = gnu11;
				GCC_DYNAMIC_NO_PIC = NO;
				GCC_NO_COMMON_BLOCKS = YES;
				GCC_OPTIMIZATION_LEVEL = 0;
				GCC_PREPROCESSOR_DEFINITIONS = (
					"DEBUG=1",
					"$(inherited)",
				);
				GCC_WARN_64_TO_32_BIT_CONVERSION = YES;
				GCC_WARN_ABOUT_RETURN_TYPE = YES_ERROR;
				GCC_WARN_UNDECLARED_SELECTOR = YES;
				GCC_WARN_UNINITIALIZED_AUTOS = YES_AGGRESSIVE;
				GCC_WARN_UNUSED_FUNCTION = YES;
				GCC_WARN_UNUSED_VARIABLE = YES;
				IPHONEOS_DEPLOYMENT_TARGET = 12.0;
				MTL_ENABLE_DEBUG_INFO = INCLUDE_SOURCE;
				MTL_FAST_MATH = YES;
				ONLY_ACTIVE_ARCH = YES;
				SDKROOT = iphoneos;
				SWIFT_ACTIVE_COMPILATION_CONDITIONS = DEBUG;
				SWIFT_OPTIMIZATION_LEVEL = "-Onone";
			};
			name = Debug;
		};
		EC7386CD218C5125009B4552 /* Release */ = {
			isa = XCBuildConfiguration;
			buildSettings = {
				ALWAYS_SEARCH_USER_PATHS = NO;
				CLANG_ANALYZER_NONNULL = YES;
				CLANG_ANALYZER_NUMBER_OBJECT_CONVERSION = YES_AGGRESSIVE;
				CLANG_CXX_LANGUAGE_STANDARD = "gnu++14";
				CLANG_CXX_LIBRARY = "libc++";
				CLANG_ENABLE_MODULES = YES;
				CLANG_ENABLE_OBJC_ARC = YES;
				CLANG_ENABLE_OBJC_WEAK = YES;
				CLANG_WARN_BLOCK_CAPTURE_AUTORELEASING = YES;
				CLANG_WARN_BOOL_CONVERSION = YES;
				CLANG_WARN_COMMA = YES;
				CLANG_WARN_CONSTANT_CONVERSION = YES;
				CLANG_WARN_DEPRECATED_OBJC_IMPLEMENTATIONS = YES;
				CLANG_WARN_DIRECT_OBJC_ISA_USAGE = YES_ERROR;
				CLANG_WARN_DOCUMENTATION_COMMENTS = YES;
				CLANG_WARN_EMPTY_BODY = YES;
				CLANG_WARN_ENUM_CONVERSION = YES;
				CLANG_WARN_INFINITE_RECURSION = YES;
				CLANG_WARN_INT_CONVERSION = YES;
				CLANG_WARN_NON_LITERAL_NULL_CONVERSION = YES;
				CLANG_WARN_OBJC_IMPLICIT_RETAIN_SELF = YES;
				CLANG_WARN_OBJC_LITERAL_CONVERSION = YES;
				CLANG_WARN_OBJC_ROOT_CLASS = YES_ERROR;
				CLANG_WARN_RANGE_LOOP_ANALYSIS = YES;
				CLANG_WARN_STRICT_PROTOTYPES = YES;
				CLANG_WARN_SUSPICIOUS_MOVE = YES;
				CLANG_WARN_UNGUARDED_AVAILABILITY = YES_AGGRESSIVE;
				CLANG_WARN_UNREACHABLE_CODE = YES;
				CLANG_WARN__DUPLICATE_METHOD_MATCH = YES;
				CODE_SIGN_IDENTITY = "iPhone Developer";
				COPY_PHASE_STRIP = NO;
				DEBUG_INFORMATION_FORMAT = "dwarf-with-dsym";
				ENABLE_NS_ASSERTIONS = NO;
				ENABLE_STRICT_OBJC_MSGSEND = YES;
				GCC_C_LANGUAGE_STANDARD = gnu11;
				GCC_NO_COMMON_BLOCKS = YES;
				GCC_WARN_64_TO_32_BIT_CONVERSION = YES;
				GCC_WARN_ABOUT_RETURN_TYPE = YES_ERROR;
				GCC_WARN_UNDECLARED_SELECTOR = YES;
				GCC_WARN_UNINITIALIZED_AUTOS = YES_AGGRESSIVE;
				GCC_WARN_UNUSED_FUNCTION = YES;
				GCC_WARN_UNUSED_VARIABLE = YES;
				IPHONEOS_DEPLOYMENT_TARGET = 12.0;
				MTL_ENABLE_DEBUG_INFO = NO;
				MTL_FAST_MATH = YES;
				SDKROOT = iphoneos;
				SWIFT_COMPILATION_MODE = wholemodule;
				SWIFT_OPTIMIZATION_LEVEL = "-O";
				VALIDATE_PRODUCT = YES;
			};
			name = Release;
		};
		EC7386CF218C5125009B4552 /* Debug */ = {
			isa = XCBuildConfiguration;
			baseConfigurationReference = 0D2656B55C4E73858EF527A0 /* Pods-DatePickerView.debug.xcconfig */;
			buildSettings = {
				ASSETCATALOG_COMPILER_APPICON_NAME = AppIcon;
				CODE_SIGN_STYLE = Automatic;
				INFOPLIST_FILE = DatePickerView/Info.plist;
				LD_RUNPATH_SEARCH_PATHS = (
					"$(inherited)",
					"@executable_path/Frameworks",
				);
				PRODUCT_BUNDLE_IDENTIFIER = toxsl.DatePickerView;
				PRODUCT_NAME = "$(TARGET_NAME)";
				SWIFT_VERSION = 4.2;
				TARGETED_DEVICE_FAMILY = "1,2";
			};
			name = Debug;
		};
		EC7386D0218C5125009B4552 /* Release */ = {
			isa = XCBuildConfiguration;
			baseConfigurationReference = 23C412BF7544D9232A3E2395 /* Pods-DatePickerView.release.xcconfig */;
			buildSettings = {
				ASSETCATALOG_COMPILER_APPICON_NAME = AppIcon;
				CODE_SIGN_STYLE = Automatic;
				INFOPLIST_FILE = DatePickerView/Info.plist;
				LD_RUNPATH_SEARCH_PATHS = (
					"$(inherited)",
					"@executable_path/Frameworks",
				);
				PRODUCT_BUNDLE_IDENTIFIER = toxsl.DatePickerView;
				PRODUCT_NAME = "$(TARGET_NAME)";
				SWIFT_VERSION = 4.2;
				TARGETED_DEVICE_FAMILY = "1,2";
			};
			name = Release;
		};
/* End XCBuildConfiguration section */

/* Begin XCConfigurationList section */
		EC7386B7218C5123009B4552 /* Build configuration list for PBXProject "DatePickerView" */ = {
			isa = XCConfigurationList;
			buildConfigurations = (
				EC7386CC218C5125009B4552 /* Debug */,
				EC7386CD218C5125009B4552 /* Release */,
			);
			defaultConfigurationIsVisible = 0;
			defaultConfigurationName = Release;
		};
		EC7386CE218C5125009B4552 /* Build configuration list for PBXNativeTarget "DatePickerView" */ = {
			isa = XCConfigurationList;
			buildConfigurations = (
				EC7386CF218C5125009B4552 /* Debug */,
				EC7386D0218C5125009B4552 /* Release */,
			);
			defaultConfigurationIsVisible = 0;
			defaultConfigurationName = Release;
		};
/* End XCConfigurationList section */
	};
	rootObject = EC7386B4218C5123009B4552 /* Project object */;
}
