// !$*UTF8*$!
{
	archiveVersion = 1;
	classes = {
	};
	objectVersion = 48;
	objects = {

/* Begin PBXBuildFile section */
		ECBCD0E6221FE31D00B940BE /* AppDelegate.swift in Sources */ = {isa = PBXBuildFile; fileRef = ECBCD0E5221FE31D00B940BE /* AppDelegate.swift */; };
		ECBCD0E8221FE31D00B940BE /* ViewController.swift in Sources */ = {isa = PBXBuildFile; fileRef = ECBCD0E7221FE31D00B940BE /* ViewController.swift */; };
		ECBCD0EB221FE31E00B940BE /* Main.storyboard in Resources */ = {isa = PBXBuildFile; fileRef = ECBCD0E9221FE31E00B940BE /* Main.storyboard */; };
		ECBCD0ED221FE31E00B940BE /* Assets.xcassets in Resources */ = {isa = PBXBuildFile; fileRef = ECBCD0EC221FE31E00B940BE /* Assets.xcassets */; };
		ECBCD0F0221FE31E00B940BE /* LaunchScreen.storyboard in Resources */ = {isa = PBXBuildFile; fileRef = ECBCD0EE221FE31E00B940BE /* LaunchScreen.storyboard */; };
		ECBCD0F8221FE4CA00B940BE /* DataTVC.swift in Sources */ = {isa = PBXBuildFile; fileRef = ECBCD0F7221FE4CA00B940BE /* DataTVC.swift */; };
		ECBCD0FA221FF1FD00B940BE /* SecondVC.swift in Sources */ = {isa = PBXBuildFile; fileRef = ECBCD0F9221FF1FD00B940BE /* SecondVC.swift */; };
/* End PBXBuildFile section */

/* Begin PBXFileReference section */
		ECBCD0E2221FE31D00B940BE /* Demo Project.app */ = {isa = PBXFileReference; explicitFileType = wrapper.application; includeInIndex = 0; path = "Demo Project.app"; sourceTree = BUILT_PRODUCTS_DIR; };
		ECBCD0E5221FE31D00B940BE /* AppDelegate.swift */ = {isa = PBXFileReference; lastKnownFileType = sourcecode.swift; path = AppDelegate.swift; sourceTree = "<group>"; };
		ECBCD0E7221FE31D00B940BE /* ViewController.swift */ = {isa = PBXFileReference; lastKnownFileType = sourcecode.swift; path = ViewController.swift; sourceTree = "<group>"; };
		ECBCD0EA221FE31E00B940BE /* Base */ = {isa = PBXFileReference; lastKnownFileType = file.storyboard; name = Base; path = Base.lproj/Main.storyboard; sourceTree = "<group>"; };
		ECBCD0EC221FE31E00B940BE /* Assets.xcassets */ = {isa = PBXFileReference; lastKnownFileType = folder.assetcatalog; path = Assets.xcassets; sourceTree = "<group>"; };
		ECBCD0EF221FE31E00B940BE /* Base */ = {isa = PBXFileReference; lastKnownFileType = file.storyboard; name = Base; path = Base.lproj/LaunchScreen.storyboard; sourceTree = "<group>"; };
		ECBCD0F1221FE31E00B940BE /* Info.plist */ = {isa = PBXFileReference; lastKnownFileType = text.plist.xml; path = Info.plist; sourceTree = "<group>"; };
		ECBCD0F7221FE4CA00B940BE /* DataTVC.swift */ = {isa = PBXFileReference; lastKnownFileType = sourcecode.swift; path = DataTVC.swift; sourceTree = "<group>"; };
		ECBCD0F9221FF1FD00B940BE /* SecondVC.swift */ = {isa = PBXFileReference; lastKnownFileType = sourcecode.swift; path = SecondVC.swift; sourceTree = "<group>"; };
/* End PBXFileReference section */

/* Begin PBXFrameworksBuildPhase section */
		ECBCD0DF221FE31D00B940BE /* Frameworks */ = {
			isa = PBXFrameworksBuildPhase;
			buildActionMask = 2147483647;
			files = (
			);
			runOnlyForDeploymentPostprocessing = 0;
		};
/* End PBXFrameworksBuildPhase section */

/* Begin PBXGroup section */
		ECBCD0D9221FE31D00B940BE = {
			isa = PBXGroup;
			children = (
				ECBCD0E4221FE31D00B940BE /* Demo Project */,
				ECBCD0E3221FE31D00B940BE /* Products */,
			);
			sourceTree = "<group>";
		};
		ECBCD0E3221FE31D00B940BE /* Products */ = {
			isa = PBXGroup;
			children = (
				ECBCD0E2221FE31D00B940BE /* Demo Project.app */,
			);
			name = Products;
			sourceTree = "<group>";
		};
		ECBCD0E4221FE31D00B940BE /* Demo Project */ = {
			isa = PBXGroup;
			children = (
				ECBCD0E5221FE31D00B940BE /* AppDelegate.swift */,
				ECBCD0E7221FE31D00B940BE /* ViewController.swift */,
				ECBCD0E9221FE31E00B940BE /* Main.storyboard */,
				ECBCD0F9221FF1FD00B940BE /* SecondVC.swift */,
				ECBCD0F7221FE4CA00B940BE /* DataTVC.swift */,
				ECBCD0EC221FE31E00B940BE /* Assets.xcassets */,
				ECBCD0EE221FE31E00B940BE /* LaunchScreen.storyboard */,
				ECBCD0F1221FE31E00B940BE /* Info.plist */,
			);
			path = "Demo Project";
			sourceTree = "<group>";
		};
/* End PBXGroup section */

/* Begin PBXNativeTarget section */
		ECBCD0E1221FE31D00B940BE /* Demo Project */ = {
			isa = PBXNativeTarget;
			buildConfigurationList = ECBCD0F4221FE31E00B940BE /* Build configuration list for PBXNativeTarget "Demo Project" */;
			buildPhases = (
				ECBCD0DE221FE31D00B940BE /* Sources */,
				ECBCD0DF221FE31D00B940BE /* Frameworks */,
				ECBCD0E0221FE31D00B940BE /* Resources */,
			);
			buildRules = (
			);
			dependencies = (
			);
			name = "Demo Project";
			productName = "Demo Project";
			productReference = ECBCD0E2221FE31D00B940BE /* Demo Project.app */;
			productType = "com.apple.product-type.application";
		};
/* End PBXNativeTarget section */

/* Begin PBXProject section */
		ECBCD0DA221FE31D00B940BE /* Project object */ = {
			isa = PBXProject;
			attributes = {
				LastSwiftUpdateCheck = 0920;
				LastUpgradeCheck = 0920;
				ORGANIZATIONNAME = trainee;
				TargetAttributes = {
					ECBCD0E1221FE31D00B940BE = {
						CreatedOnToolsVersion = 9.2;
						ProvisioningStyle = Automatic;
					};
				};
			};
			buildConfigurationList = ECBCD0DD221FE31D00B940BE /* Build configuration list for PBXProject "Demo Project" */;
			compatibilityVersion = "Xcode 8.0";
			developmentRegion = en;
			hasScannedForEncodings = 0;
			knownRegions = (
				en,
				Base,
			);
			mainGroup = ECBCD0D9221FE31D00B940BE;
			productRefGroup = ECBCD0E3221FE31D00B940BE /* Products */;
			projectDirPath = "";
			projectRoot = "";
			targets = (
				ECBCD0E1221FE31D00B940BE /* Demo Project */,
			);
		};
/* End PBXProject section */

/* Begin PBXResourcesBuildPhase section */
		ECBCD0E0221FE31D00B940BE /* Resources */ = {
			isa = PBXResourcesBuildPhase;
			buildActionMask = 2147483647;
			files = (
				ECBCD0F0221FE31E00B940BE /* LaunchScreen.storyboard in Resources */,
				ECBCD0ED221FE31E00B940BE /* Assets.xcassets in Resources */,
				ECBCD0EB221FE31E00B940BE /* Main.storyboard in Resources */,
			);
			runOnlyForDeploymentPostprocessing = 0;
		};
/* End PBXResourcesBuildPhase section */

/* Begin PBXSourcesBuildPhase section */
		ECBCD0DE221FE31D00B940BE /* Sources */ = {
			isa = PBXSourcesBuildPhase;
			buildActionMask = 2147483647;
			files = (
				ECBCD0F8221FE4CA00B940BE /* DataTVC.swift in Sources */,
				ECBCD0E8221FE31D00B940BE /* ViewController.swift in Sources */,
				ECBCD0FA221FF1FD00B940BE /* SecondVC.swift in Sources */,
				ECBCD0E6221FE31D00B940BE /* AppDelegate.swift in Sources */,
			);
			runOnlyForDeploymentPostprocessing = 0;
		};
/* End PBXSourcesBuildPhase section */

/* Begin PBXVariantGroup section */
		ECBCD0E9221FE31E00B940BE /* Main.storyboard */ = {
			isa = PBXVariantGroup;
			children = (
				ECBCD0EA221FE31E00B940BE /* Base */,
			);
			name = Main.storyboard;
			sourceTree = "<group>";
		};
		ECBCD0EE221FE31E00B940BE /* LaunchScreen.storyboard */ = {
			isa = PBXVariantGroup;
			children = (
				ECBCD0EF221FE31E00B940BE /* Base */,
			);
			name = LaunchScreen.storyboard;
			sourceTree = "<group>";
		};
/* End PBXVariantGroup section */

/* Begin XCBuildConfiguration section */
		ECBCD0F2221FE31E00B940BE /* Debug */ = {
			isa = XCBuildConfiguration;
			buildSettings = {
				ALWAYS_SEARCH_USER_PATHS = NO;
				CLANG_ANALYZER_NONNULL = YES;
				CLANG_ANALYZER_NUMBER_OBJECT_CONVERSION = YES_AGGRESSIVE;
				CLANG_CXX_LANGUAGE_STANDARD = "gnu++14";
				CLANG_CXX_LIBRARY = "libc++";
				CLANG_ENABLE_MODULES = YES;
				CLANG_ENABLE_OBJC_ARC = YES;
				CLANG_WARN_BLOCK_CAPTURE_AUTORELEASING = YES;
				CLANG_WARN_BOOL_CONVERSION = YES;
				CLANG_WARN_COMMA = YES;
				CLANG_WARN_CONSTANT_CONVERSION = YES;
				CLANG_WARN_DIRECT_OBJC_ISA_USAGE = YES_ERROR;
				CLANG_WARN_DOCUMENTATION_COMMENTS = YES;
				CLANG_WARN_EMPTY_BODY = YES;
				CLANG_WARN_ENUM_CONVERSION = YES;
				CLANG_WARN_INFINITE_RECURSION = YES;
				CLANG_WARN_INT_CONVERSION = YES;
				CLANG_WARN_NON_LITERAL_NULL_CONVERSION = YES;
				CLANG_WARN_OBJC_LITERAL_CONVERSION = YES;
				CLANG_WARN_OBJC_ROOT_CLASS = YES_ERROR;
				CLANG_WARN_RANGE_LOOP_ANALYSIS = YES;
				CLANG_WARN_STRICT_PROTOTYPES = YES;
				CLANG_WARN_SUSPICIOUS_MOVE = YES;
				CLANG_WARN_UNGUARDED_AVAILABILITY = YES_AGGRESSIVE;
				CLANG_WARN_UNREACHABLE_CODE = YES;
				CLANG_WARN__DUPLICATE_METHOD_MATCH = YES;
				CODE_SIGN_IDENTITY = "iPhone Developer";
				COPY_PHASE_STRIP = NO;
				DEBUG_INFORMATION_FORMAT = dwarf;
				ENABLE_STRICT_OBJC_MSGSEND = YES;
				ENABLE_TESTABILITY = YES;
				GCC_C_LANGUAGE_STANDARD = gnu11;
				GCC_DYNAMIC_NO_PIC = NO;
				GCC_NO_COMMON_BLOCKS = YES;
				GCC_OPTIMIZATION_LEVEL = 0;
				GCC_PREPROCESSOR_DEFINITIONS = (
					"DEBUG=1",
					"$(inherited)",
				);
				GCC_WARN_64_TO_32_BIT_CONVERSION = YES;
				GCC_WARN_ABOUT_RETURN_TYPE = YES_ERROR;
				GCC_WARN_UNDECLARED_SELECTOR = YES;
				GCC_WARN_UNINITIALIZED_AUTOS = YES_AGGRESSIVE;
				GCC_WARN_UNUSED_FUNCTION = YES;
				GCC_WARN_UNUSED_VARIABLE = YES;
				IPHONEOS_DEPLOYMENT_TARGET = 11.2;
				MTL_ENABLE_DEBUG_INFO = YES;
				ONLY_ACTIVE_ARCH = YES;
				SDKROOT = iphoneos;
				SWIFT_ACTIVE_COMPILATION_CONDITIONS = DEBUG;
				SWIFT_OPTIMIZATION_LEVEL = "-Onone";
			};
			name = Debug;
		};
		ECBCD0F3221FE31E00B940BE /* Release */ = {
			isa = XCBuildConfiguration;
			buildSettings = {
				ALWAYS_SEARCH_USER_PATHS = NO;
				CLANG_ANALYZER_NONNULL = YES;
				CLANG_ANALYZER_NUMBER_OBJECT_CONVERSION = YES_AGGRESSIVE;
				CLANG_CXX_LANGUAGE_STANDARD = "gnu++14";
				CLANG_CXX_LIBRARY = "libc++";
				CLANG_ENABLE_MODULES = YES;
				CLANG_ENABLE_OBJC_ARC = YES;
				CLANG_WARN_BLOCK_CAPTURE_AUTORELEASING = YES;
				CLANG_WARN_BOOL_CONVERSION = YES;
				CLANG_WARN_COMMA = YES;
				CLANG_WARN_CONSTANT_CONVERSION = YES;
				CLANG_WARN_DIRECT_OBJC_ISA_USAGE = YES_ERROR;
				CLANG_WARN_DOCUMENTATION_COMMENTS = YES;
				CLANG_WARN_EMPTY_BODY = YES;
				CLANG_WARN_ENUM_CONVERSION = YES;
				CLANG_WARN_INFINITE_RECURSION = YES;
				CLANG_WARN_INT_CONVERSION = YES;
				CLANG_WARN_NON_LITERAL_NULL_CONVERSION = YES;
				CLANG_WARN_OBJC_LITERAL_CONVERSION = YES;
				CLANG_WARN_OBJC_ROOT_CLASS = YES_ERROR;
				CLANG_WARN_RANGE_LOOP_ANALYSIS = YES;
				CLANG_WARN_STRICT_PROTOTYPES = YES;
				CLANG_WARN_SUSPICIOUS_MOVE = YES;
				CLANG_WARN_UNGUARDED_AVAILABILITY = YES_AGGRESSIVE;
				CLANG_WARN_UNREACHABLE_CODE = YES;
				CLANG_WARN__DUPLICATE_METHOD_MATCH = YES;
				CODE_SIGN_IDENTITY = "iPhone Developer";
				COPY_PHASE_STRIP = NO;
				DEBUG_INFORMATION_FORMAT = "dwarf-with-dsym";
				ENABLE_NS_ASSERTIONS = NO;
				ENABLE_STRICT_OBJC_MSGSEND = YES;
				GCC_C_LANGUAGE_STANDARD = gnu11;
				GCC_NO_COMMON_BLOCKS = YES;
				GCC_WARN_64_TO_32_BIT_CONVERSION = YES;
				GCC_WARN_ABOUT_RETURN_TYPE = YES_ERROR;
				GCC_WARN_UNDECLARED_SELECTOR = YES;
				GCC_WARN_UNINITIALIZED_AUTOS = YES_AGGRESSIVE;
				GCC_WARN_UNUSED_FUNCTION = YES;
				GCC_WARN_UNUSED_VARIABLE = YES;
				IPHONEOS_DEPLOYMENT_TARGET = 11.2;
				MTL_ENABLE_DEBUG_INFO = NO;
				SDKROOT = iphoneos;
				SWIFT_OPTIMIZATION_LEVEL = "-Owholemodule";
				VALIDATE_PRODUCT = YES;
			};
			name = Release;
		};
		ECBCD0F5221FE31E00B940BE /* Debug */ = {
			isa = XCBuildConfiguration;
			buildSettings = {
				ASSETCATALOG_COMPILER_APPICON_NAME = AppIcon;
				CODE_SIGN_STYLE = Automatic;
				INFOPLIST_FILE = "Demo Project/Info.plist";
				LD_RUNPATH_SEARCH_PATHS = "$(inherited) @executable_path/Frameworks";
				PRODUCT_BUNDLE_IDENTIFIER = "toxsl.Demo-Project";
				PRODUCT_NAME = "$(TARGET_NAME)";
				SWIFT_VERSION = 4.0;
				TARGETED_DEVICE_FAMILY = "1,2";
			};
			name = Debug;
		};
		ECBCD0F6221FE31E00B940BE /* Release */ = {
			isa = XCBuildConfiguration;
			buildSettings = {
				ASSETCATALOG_COMPILER_APPICON_NAME = AppIcon;
				CODE_SIGN_STYLE = Automatic;
				INFOPLIST_FILE = "Demo Project/Info.plist";
				LD_RUNPATH_SEARCH_PATHS = "$(inherited) @executable_path/Frameworks";
				PRODUCT_BUNDLE_IDENTIFIER = "toxsl.Demo-Project";
				PRODUCT_NAME = "$(TARGET_NAME)";
				SWIFT_VERSION = 4.0;
				TARGETED_DEVICE_FAMILY = "1,2";
			};
			name = Release;
		};
/* End XCBuildConfiguration section */

/* Begin XCConfigurationList section */
		ECBCD0DD221FE31D00B940BE /* Build configuration list for PBXProject "Demo Project" */ = {
			isa = XCConfigurationList;
			buildConfigurations = (
				ECBCD0F2221FE31E00B940BE /* Debug */,
				ECBCD0F3221FE31E00B940BE /* Release */,
			);
			defaultConfigurationIsVisible = 0;
			defaultConfigurationName = Release;
		};
		ECBCD0F4221FE31E00B940BE /* Build configuration list for PBXNativeTarget "Demo Project" */ = {
			isa = XCConfigurationList;
			buildConfigurations = (
				ECBCD0F5221FE31E00B940BE /* Debug */,
				ECBCD0F6221FE31E00B940BE /* Release */,
			);
			defaultConfigurationIsVisible = 0;
			defaultConfigurationName = Release;
		};
/* End XCConfigurationList section */
	};
	rootObject = ECBCD0DA221FE31D00B940BE /* Project object */;
}
